
Microsoft Visual Studio Solution File, Format Version 11.00
# Visual Studio 2010
Project("{FAE04EC0-301F-11D3-BF4B-00C04F79EFBC}") = "AxView", "AxView\AxView.csproj", "{C18327BB-F2B4-4719-855A-964A05CA1718}"
EndProject
Project("{FAE04EC0-301F-11D3-BF4B-00C04F79EFBC}") = "AxCommunication", "AxCommunication\AxCommunication.csproj", "{BC621381-59D3-4865-A35A-D8D6600B31CC}"
EndProject
Project("{FAE04EC0-301F-11D3-BF4B-00C04F79EFBC}") = "AxAnalyse", "AxAnalyse\AxAnalyse.csproj", "{2BE42D24-A783-499E-89A5-23CF073F8E1C}"
EndProject
Project("{FAE04EC0-301F-11D3-BF4B-00C04F79EFBC}") = "AxViewModel", "AxViewModel\AxViewModel.csproj", "{9FCD62BC-A4D7-4E71-934A-0858381FEB4A}"
EndProject
Project("{FAE04EC0-301F-11D3-BF4B-00C04F79EFBC}") = "AxModel", "AxModel\AxModel.csproj", "{2F764398-E542-4649-A4C3-C15062FEC5F9}"
EndProject
Project("{FAE04EC0-301F-11D3-BF4B-00C04F79EFBC}") = "AxLanguage", "AxLanguage\AxLanguage.csproj", "{8E14F88B-D0AA-457D-A00D-2FD0AA2F2ED4}"
EndProject
Project("{FAE04EC0-301F-11D3-BF4B-00C04F79EFBC}") = "AxError", "AxError\AxError.csproj", "{8B8DE4A1-0E3F-40E0-9737-F738B1375290}"
EndProject
Project("{FAE04EC0-301F-11D3-BF4B-00C04F79EFBC}") = "AxData", "AxData\AxData.csproj", "{0EED22DD-ED78-48CF-8414-1423325B2B0A}"
EndProject
Project("{FAE04EC0-301F-11D3-BF4B-00C04F79EFBC}") = "AxTheme", "AxTheme\AxTheme.csproj", "{3C332B3C-6143-40CB-9EBC-114436880078}"
EndProject
Project("{FAE04EC0-301F-11D3-BF4B-00C04F79EFBC}") = "AxConfiguration", "AxExerciceConfig\AxConfiguration.csproj", "{A9B1DD86-9A7A-45B8-BD29-30B7634A12C9}"
EndProject
Project("{FAE04EC0-301F-11D3-BF4B-00C04F79EFBC}") = "AxAction", "AxAction\AxAction.csproj", "{79A34603-436C-4C5A-A600-A51C0A6981ED}"
EndProject
Project("{FAE04EC0-301F-11D3-BF4B-00C04F79EFBC}") = "AxExerciceGenerator", "AxExerciceGeneric\AxExerciceGenerator.csproj", "{500BB026-069B-4C28-8D3A-54BA643BD8BC}"
EndProject
Project("{FAE04EC0-301F-11D3-BF4B-00C04F79EFBC}") = "AxAnalyse.Test", "AxAnalyse.Test\AxAnalyse.Test.csproj", "{079891DC-7839-4A44-AAF9-C3AF3EBE9094}"
EndProject
Project("{FAE04EC0-301F-11D3-BF4B-00C04F79EFBC}") = "AxExerciceGenerator.Test", "AxExerciceGenerator.Test\AxExerciceGenerator.Test.csproj", "{489FA982-7E24-4795-A9A7-306B15A709B5}"
EndProject
Project("{FAE04EC0-301F-11D3-BF4B-00C04F79EFBC}") = "AxData.Test", "AxData.Test\AxData.Test.csproj", "{E59E9994-5260-4D67-A99A-AA0F392833D0}"
EndProject
Project("{FAE04EC0-301F-11D3-BF4B-00C04F79EFBC}") = "AxModel.Test", "AxModel.Test\AxModel.Test.csproj", "{D4970339-3554-4391-99E3-28A961E23F27}"
EndProject
Project("{FAE04EC0-301F-11D3-BF4B-00C04F79EFBC}") = "AxError.Test", "AxError.Test\AxError.Test.csproj", "{B05B7F68-D7EB-46AE-989B-D802D512926F}"
EndProject
Project("{FAE04EC0-301F-11D3-BF4B-00C04F79EFBC}") = "AxModelExercice", "AxModelExercice\AxModelExercice.csproj", "{DB0E00BB-94A4-4503-A1AB-14960936D9C9}"
EndProject
Project("{FAE04EC0-301F-11D3-BF4B-00C04F79EFBC}") = "AxNavigation", "AxNavigation\NavegarLib\Navegar.WPF4\AxNavigation.csproj", "{F2F0599D-7229-42A1-860B-7268EAC61298}"
EndProject
Project("{FAE04EC0-301F-11D3-BF4B-00C04F79EFBC}") = "AxCommunication.Test", "AxCommunication.Test\AxCommunication.Test.csproj", "{012A8946-A193-4E94-B1A8-8F7EA41A67A5}"
EndProject
Project("{FAE04EC0-301F-11D3-BF4B-00C04F79EFBC}") = "AxVolume", "AxVolume\AxVolume.csproj", "{9F1076AA-63DF-4128-9C10-FD65E425C783}"
EndProject
Global
	GlobalSection(SolutionConfigurationPlatforms) = preSolution
		CD_ROM|Any CPU = CD_ROM|Any CPU
		CD_ROM|Mixed Platforms = CD_ROM|Mixed Platforms
		CD_ROM|x86 = CD_ROM|x86
		Debug|Any CPU = Debug|Any CPU
		Debug|Mixed Platforms = Debug|Mixed Platforms
		Debug|x86 = Debug|x86
		DVD-5|Any CPU = DVD-5|Any CPU
		DVD-5|Mixed Platforms = DVD-5|Mixed Platforms
		DVD-5|x86 = DVD-5|x86
		Release|Any CPU = Release|Any CPU
		Release|Mixed Platforms = Release|Mixed Platforms
		Release|x86 = Release|x86
		SingleImage|Any CPU = SingleImage|Any CPU
		SingleImage|Mixed Platforms = SingleImage|Mixed Platforms
		SingleImage|x86 = SingleImage|x86
	EndGlobalSection
	GlobalSection(ProjectConfigurationPlatforms) = postSolution
		{C18327BB-F2B4-4719-855A-964A05CA1718}.CD_ROM|Any CPU.ActiveCfg = Release|Any CPU
		{C18327BB-F2B4-4719-855A-964A05CA1718}.CD_ROM|Any CPU.Build.0 = Release|Any CPU
		{C18327BB-F2B4-4719-855A-964A05CA1718}.CD_ROM|Mixed Platforms.ActiveCfg = Release|Any CPU
		{C18327BB-F2B4-4719-855A-964A05CA1718}.CD_ROM|Mixed Platforms.Build.0 = Release|Any CPU
		{C18327BB-F2B4-4719-855A-964A05CA1718}.CD_ROM|x86.ActiveCfg = Release|Any CPU
		{C18327BB-F2B4-4719-855A-964A05CA1718}.Debug|Any CPU.ActiveCfg = Debug|Any CPU
		{C18327BB-F2B4-4719-855A-964A05CA1718}.Debug|Any CPU.Build.0 = Debug|Any CPU
		{C18327BB-F2B4-4719-855A-964A05CA1718}.Debug|Mixed Platforms.ActiveCfg = Debug|Any CPU
		{C18327BB-F2B4-4719-855A-964A05CA1718}.Debug|Mixed Platforms.Build.0 = Debug|Any CPU
		{C18327BB-F2B4-4719-855A-964A05CA1718}.Debug|x86.ActiveCfg = Debug|Any CPU
		{C18327BB-F2B4-4719-855A-964A05CA1718}.DVD-5|Any CPU.ActiveCfg = Debug|Any CPU
		{C18327BB-F2B4-4719-855A-964A05CA1718}.DVD-5|Any CPU.Build.0 = Debug|Any CPU
		{C18327BB-F2B4-4719-855A-964A05CA1718}.DVD-5|Mixed Platforms.ActiveCfg = Debug|Any CPU
		{C18327BB-F2B4-4719-855A-964A05CA1718}.DVD-5|Mixed Platforms.Build.0 = Debug|Any CPU
		{C18327BB-F2B4-4719-855A-964A05CA1718}.DVD-5|x86.ActiveCfg = Debug|Any CPU
		{C18327BB-F2B4-4719-855A-964A05CA1718}.Release|Any CPU.ActiveCfg = Release|Any CPU
		{C18327BB-F2B4-4719-855A-964A05CA1718}.Release|Any CPU.Build.0 = Release|Any CPU
		{C18327BB-F2B4-4719-855A-964A05CA1718}.Release|Mixed Platforms.ActiveCfg = Release|Any CPU
		{C18327BB-F2B4-4719-855A-964A05CA1718}.Release|Mixed Platforms.Build.0 = Release|Any CPU
		{C18327BB-F2B4-4719-855A-964A05CA1718}.Release|x86.ActiveCfg = Release|Any CPU
		{C18327BB-F2B4-4719-855A-964A05CA1718}.SingleImage|Any CPU.ActiveCfg = Release|Any CPU
		{C18327BB-F2B4-4719-855A-964A05CA1718}.SingleImage|Any CPU.Build.0 = Release|Any CPU
		{C18327BB-F2B4-4719-855A-964A05CA1718}.SingleImage|Mixed Platforms.ActiveCfg = Release|Any CPU
		{C18327BB-F2B4-4719-855A-964A05CA1718}.SingleImage|Mixed Platforms.Build.0 = Release|Any CPU
		{C18327BB-F2B4-4719-855A-964A05CA1718}.SingleImage|x86.ActiveCfg = Release|Any CPU
		{BC621381-59D3-4865-A35A-D8D6600B31CC}.CD_ROM|Any CPU.ActiveCfg = Release|Any CPU
		{BC621381-59D3-4865-A35A-D8D6600B31CC}.CD_ROM|Any CPU.Build.0 = Release|Any CPU
		{BC621381-59D3-4865-A35A-D8D6600B31CC}.CD_ROM|Mixed Platforms.ActiveCfg = Release|Any CPU
		{BC621381-59D3-4865-A35A-D8D6600B31CC}.CD_ROM|Mixed Platforms.Build.0 = Release|Any CPU
		{BC621381-59D3-4865-A35A-D8D6600B31CC}.CD_ROM|x86.ActiveCfg = Release|Any CPU
		{BC621381-59D3-4865-A35A-D8D6600B31CC}.Debug|Any CPU.ActiveCfg = Debug|Any CPU
		{BC621381-59D3-4865-A35A-D8D6600B31CC}.Debug|Any CPU.Build.0 = Debug|Any CPU
		{BC621381-59D3-4865-A35A-D8D6600B31CC}.Debug|Mixed Platforms.ActiveCfg = Debug|Any CPU
		{BC621381-59D3-4865-A35A-D8D6600B31CC}.Debug|Mixed Platforms.Build.0 = Debug|Any CPU
		{BC621381-59D3-4865-A35A-D8D6600B31CC}.Debug|x86.ActiveCfg = Debug|Any CPU
		{BC621381-59D3-4865-A35A-D8D6600B31CC}.DVD-5|Any CPU.ActiveCfg = Debug|Any CPU
		{BC621381-59D3-4865-A35A-D8D6600B31CC}.DVD-5|Any CPU.Build.0 = Debug|Any CPU
		{BC621381-59D3-4865-A35A-D8D6600B31CC}.DVD-5|Mixed Platforms.ActiveCfg = Debug|Any CPU
		{BC621381-59D3-4865-A35A-D8D6600B31CC}.DVD-5|Mixed Platforms.Build.0 = Debug|Any CPU
		{BC621381-59D3-4865-A35A-D8D6600B31CC}.DVD-5|x86.ActiveCfg = Debug|Any CPU
		{BC621381-59D3-4865-A35A-D8D6600B31CC}.Release|Any CPU.ActiveCfg = Release|Any CPU
		{BC621381-59D3-4865-A35A-D8D6600B31CC}.Release|Any CPU.Build.0 = Release|Any CPU
		{BC621381-59D3-4865-A35A-D8D6600B31CC}.Release|Mixed Platforms.ActiveCfg = Release|Any CPU
		{BC621381-59D3-4865-A35A-D8D6600B31CC}.Release|Mixed Platforms.Build.0 = Release|Any CPU
		{BC621381-59D3-4865-A35A-D8D6600B31CC}.Release|x86.ActiveCfg = Release|Any CPU
		{BC621381-59D3-4865-A35A-D8D6600B31CC}.SingleImage|Any CPU.ActiveCfg = Release|Any CPU
		{BC621381-59D3-4865-A35A-D8D6600B31CC}.SingleImage|Any CPU.Build.0 = Release|Any CPU
		{BC621381-59D3-4865-A35A-D8D6600B31CC}.SingleImage|Mixed Platforms.ActiveCfg = Release|Any CPU
		{BC621381-59D3-4865-A35A-D8D6600B31CC}.SingleImage|Mixed Platforms.Build.0 = Release|Any CPU
		{BC621381-59D3-4865-A35A-D8D6600B31CC}.SingleImage|x86.ActiveCfg = Release|Any CPU
		{2BE42D24-A783-499E-89A5-23CF073F8E1C}.CD_ROM|Any CPU.ActiveCfg = Release|Any CPU
		{2BE42D24-A783-499E-89A5-23CF073F8E1C}.CD_ROM|Any CPU.Build.0 = Release|Any CPU
		{2BE42D24-A783-499E-89A5-23CF073F8E1C}.CD_ROM|Mixed Platforms.ActiveCfg = Release|Any CPU
		{2BE42D24-A783-499E-89A5-23CF073F8E1C}.CD_ROM|Mixed Platforms.Build.0 = Release|Any CPU
		{2BE42D24-A783-499E-89A5-23CF073F8E1C}.CD_ROM|x86.ActiveCfg = Release|Any CPU
		{2BE42D24-A783-499E-89A5-23CF073F8E1C}.Debug|Any CPU.ActiveCfg = Debug|Any CPU
		{2BE42D24-A783-499E-89A5-23CF073F8E1C}.Debug|Any CPU.Build.0 = Debug|Any CPU
		{2BE42D24-A783-499E-89A5-23CF073F8E1C}.Debug|Mixed Platforms.ActiveCfg = Debug|Any CPU
		{2BE42D24-A783-499E-89A5-23CF073F8E1C}.Debug|Mixed Platforms.Build.0 = Debug|Any CPU
		{2BE42D24-A783-499E-89A5-23CF073F8E1C}.Debug|x86.ActiveCfg = Debug|Any CPU
		{2BE42D24-A783-499E-89A5-23CF073F8E1C}.DVD-5|Any CPU.ActiveCfg = Debug|Any CPU
		{2BE42D24-A783-499E-89A5-23CF073F8E1C}.DVD-5|Any CPU.Build.0 = Debug|Any CPU
		{2BE42D24-A783-499E-89A5-23CF073F8E1C}.DVD-5|Mixed Platforms.ActiveCfg = Debug|Any CPU
		{2BE42D24-A783-499E-89A5-23CF073F8E1C}.DVD-5|Mixed Platforms.Build.0 = Debug|Any CPU
		{2BE42D24-A783-499E-89A5-23CF073F8E1C}.DVD-5|x86.ActiveCfg = Debug|Any CPU
		{2BE42D24-A783-499E-89A5-23CF073F8E1C}.Release|Any CPU.ActiveCfg = Release|Any CPU
		{2BE42D24-A783-499E-89A5-23CF073F8E1C}.Release|Any CPU.Build.0 = Release|Any CPU
		{2BE42D24-A783-499E-89A5-23CF073F8E1C}.Release|Mixed Platforms.ActiveCfg = Release|Any CPU
		{2BE42D24-A783-499E-89A5-23CF073F8E1C}.Release|Mixed Platforms.Build.0 = Release|Any CPU
		{2BE42D24-A783-499E-89A5-23CF073F8E1C}.Release|x86.ActiveCfg = Release|Any CPU
		{2BE42D24-A783-499E-89A5-23CF073F8E1C}.SingleImage|Any CPU.ActiveCfg = Release|Any CPU
		{2BE42D24-A783-499E-89A5-23CF073F8E1C}.SingleImage|Any CPU.Build.0 = Release|Any CPU
		{2BE42D24-A783-499E-89A5-23CF073F8E1C}.SingleImage|Mixed Platforms.ActiveCfg = Release|Any CPU
		{2BE42D24-A783-499E-89A5-23CF073F8E1C}.SingleImage|Mixed Platforms.Build.0 = Release|Any CPU
		{2BE42D24-A783-499E-89A5-23CF073F8E1C}.SingleImage|x86.ActiveCfg = Release|Any CPU
		{9FCD62BC-A4D7-4E71-934A-0858381FEB4A}.CD_ROM|Any CPU.ActiveCfg = Release|Any CPU
		{9FCD62BC-A4D7-4E71-934A-0858381FEB4A}.CD_ROM|Any CPU.Build.0 = Release|Any CPU
		{9FCD62BC-A4D7-4E71-934A-0858381FEB4A}.CD_ROM|Mixed Platforms.ActiveCfg = Release|Any CPU
		{9FCD62BC-A4D7-4E71-934A-0858381FEB4A}.CD_ROM|Mixed Platforms.Build.0 = Release|Any CPU
		{9FCD62BC-A4D7-4E71-934A-0858381FEB4A}.CD_ROM|x86.ActiveCfg = Release|Any CPU
		{9FCD62BC-A4D7-4E71-934A-0858381FEB4A}.Debug|Any CPU.ActiveCfg = Debug|Any CPU
		{9FCD62BC-A4D7-4E71-934A-0858381FEB4A}.Debug|Any CPU.Build.0 = Debug|Any CPU
		{9FCD62BC-A4D7-4E71-934A-0858381FEB4A}.Debug|Mixed Platforms.ActiveCfg = Debug|Any CPU
		{9FCD62BC-A4D7-4E71-934A-0858381FEB4A}.Debug|Mixed Platforms.Build.0 = Debug|Any CPU
		{9FCD62BC-A4D7-4E71-934A-0858381FEB4A}.Debug|x86.ActiveCfg = Debug|Any CPU
		{9FCD62BC-A4D7-4E71-934A-0858381FEB4A}.DVD-5|Any CPU.ActiveCfg = Debug|Any CPU
		{9FCD62BC-A4D7-4E71-934A-0858381FEB4A}.DVD-5|Any CPU.Build.0 = Debug|Any CPU
		{9FCD62BC-A4D7-4E71-934A-0858381FEB4A}.DVD-5|Mixed Platforms.ActiveCfg = Debug|Any CPU
		{9FCD62BC-A4D7-4E71-934A-0858381FEB4A}.DVD-5|Mixed Platforms.Build.0 = Debug|Any CPU
		{9FCD62BC-A4D7-4E71-934A-0858381FEB4A}.DVD-5|x86.ActiveCfg = Debug|Any CPU
		{9FCD62BC-A4D7-4E71-934A-0858381FEB4A}.Release|Any CPU.ActiveCfg = Release|Any CPU
		{9FCD62BC-A4D7-4E71-934A-0858381FEB4A}.Release|Any CPU.Build.0 = Release|Any CPU
		{9FCD62BC-A4D7-4E71-934A-0858381FEB4A}.Release|Mixed Platforms.ActiveCfg = Release|Any CPU
		{9FCD62BC-A4D7-4E71-934A-0858381FEB4A}.Release|Mixed Platforms.Build.0 = Release|Any CPU
		{9FCD62BC-A4D7-4E71-934A-0858381FEB4A}.Release|x86.ActiveCfg = Release|Any CPU
		{9FCD62BC-A4D7-4E71-934A-0858381FEB4A}.SingleImage|Any CPU.ActiveCfg = Release|Any CPU
		{9FCD62BC-A4D7-4E71-934A-0858381FEB4A}.SingleImage|Any CPU.Build.0 = Release|Any CPU
		{9FCD62BC-A4D7-4E71-934A-0858381FEB4A}.SingleImage|Mixed Platforms.ActiveCfg = Release|Any CPU
		{9FCD62BC-A4D7-4E71-934A-0858381FEB4A}.SingleImage|Mixed Platforms.Build.0 = Release|Any CPU
		{9FCD62BC-A4D7-4E71-934A-0858381FEB4A}.SingleImage|x86.ActiveCfg = Release|Any CPU
		{2F764398-E542-4649-A4C3-C15062FEC5F9}.CD_ROM|Any CPU.ActiveCfg = Release|Any CPU
		{2F764398-E542-4649-A4C3-C15062FEC5F9}.CD_ROM|Any CPU.Build.0 = Release|Any CPU
		{2F764398-E542-4649-A4C3-C15062FEC5F9}.CD_ROM|Mixed Platforms.ActiveCfg = Release|Any CPU
		{2F764398-E542-4649-A4C3-C15062FEC5F9}.CD_ROM|Mixed Platforms.Build.0 = Release|Any CPU
		{2F764398-E542-4649-A4C3-C15062FEC5F9}.CD_ROM|x86.ActiveCfg = Release|Any CPU
		{2F764398-E542-4649-A4C3-C15062FEC5F9}.Debug|Any CPU.ActiveCfg = Debug|Any CPU
		{2F764398-E542-4649-A4C3-C15062FEC5F9}.Debug|Any CPU.Build.0 = Debug|Any CPU
		{2F764398-E542-4649-A4C3-C15062FEC5F9}.Debug|Mixed Platforms.ActiveCfg = Debug|Any CPU
		{2F764398-E542-4649-A4C3-C15062FEC5F9}.Debug|Mixed Platforms.Build.0 = Debug|Any CPU
		{2F764398-E542-4649-A4C3-C15062FEC5F9}.Debug|x86.ActiveCfg = Debug|Any CPU
		{2F764398-E542-4649-A4C3-C15062FEC5F9}.DVD-5|Any CPU.ActiveCfg = Debug|Any CPU
		{2F764398-E542-4649-A4C3-C15062FEC5F9}.DVD-5|Any CPU.Build.0 = Debug|Any CPU
		{2F764398-E542-4649-A4C3-C15062FEC5F9}.DVD-5|Mixed Platforms.ActiveCfg = Debug|Any CPU
		{2F764398-E542-4649-A4C3-C15062FEC5F9}.DVD-5|Mixed Platforms.Build.0 = Debug|Any CPU
		{2F764398-E542-4649-A4C3-C15062FEC5F9}.DVD-5|x86.ActiveCfg = Debug|Any CPU
		{2F764398-E542-4649-A4C3-C15062FEC5F9}.Release|Any CPU.ActiveCfg = Release|Any CPU
		{2F764398-E542-4649-A4C3-C15062FEC5F9}.Release|Any CPU.Build.0 = Release|Any CPU
		{2F764398-E542-4649-A4C3-C15062FEC5F9}.Release|Mixed Platforms.ActiveCfg = Release|Any CPU
		{2F764398-E542-4649-A4C3-C15062FEC5F9}.Release|Mixed Platforms.Build.0 = Release|Any CPU
		{2F764398-E542-4649-A4C3-C15062FEC5F9}.Release|x86.ActiveCfg = Release|Any CPU
		{2F764398-E542-4649-A4C3-C15062FEC5F9}.SingleImage|Any CPU.ActiveCfg = Release|Any CPU
		{2F764398-E542-4649-A4C3-C15062FEC5F9}.SingleImage|Any CPU.Build.0 = Release|Any CPU
		{2F764398-E542-4649-A4C3-C15062FEC5F9}.SingleImage|Mixed Platforms.ActiveCfg = Release|Any CPU
		{2F764398-E542-4649-A4C3-C15062FEC5F9}.SingleImage|Mixed Platforms.Build.0 = Release|Any CPU
		{2F764398-E542-4649-A4C3-C15062FEC5F9}.SingleImage|x86.ActiveCfg = Release|Any CPU
		{8E14F88B-D0AA-457D-A00D-2FD0AA2F2ED4}.CD_ROM|Any CPU.ActiveCfg = Release|Any CPU
		{8E14F88B-D0AA-457D-A00D-2FD0AA2F2ED4}.CD_ROM|Any CPU.Build.0 = Release|Any CPU
		{8E14F88B-D0AA-457D-A00D-2FD0AA2F2ED4}.CD_ROM|Mixed Platforms.ActiveCfg = Release|Any CPU
		{8E14F88B-D0AA-457D-A00D-2FD0AA2F2ED4}.CD_ROM|Mixed Platforms.Build.0 = Release|Any CPU
		{8E14F88B-D0AA-457D-A00D-2FD0AA2F2ED4}.CD_ROM|x86.ActiveCfg = Release|Any CPU
		{8E14F88B-D0AA-457D-A00D-2FD0AA2F2ED4}.Debug|Any CPU.ActiveCfg = Debug|Any CPU
		{8E14F88B-D0AA-457D-A00D-2FD0AA2F2ED4}.Debug|Any CPU.Build.0 = Debug|Any CPU
		{8E14F88B-D0AA-457D-A00D-2FD0AA2F2ED4}.Debug|Mixed Platforms.ActiveCfg = Debug|Any CPU
		{8E14F88B-D0AA-457D-A00D-2FD0AA2F2ED4}.Debug|Mixed Platforms.Build.0 = Debug|Any CPU
		{8E14F88B-D0AA-457D-A00D-2FD0AA2F2ED4}.Debug|x86.ActiveCfg = Debug|Any CPU
		{8E14F88B-D0AA-457D-A00D-2FD0AA2F2ED4}.DVD-5|Any CPU.ActiveCfg = Debug|Any CPU
		{8E14F88B-D0AA-457D-A00D-2FD0AA2F2ED4}.DVD-5|Any CPU.Build.0 = Debug|Any CPU
		{8E14F88B-D0AA-457D-A00D-2FD0AA2F2ED4}.DVD-5|Mixed Platforms.ActiveCfg = Debug|Any CPU
		{8E14F88B-D0AA-457D-A00D-2FD0AA2F2ED4}.DVD-5|Mixed Platforms.Build.0 = Debug|Any CPU
		{8E14F88B-D0AA-457D-A00D-2FD0AA2F2ED4}.DVD-5|x86.ActiveCfg = Debug|Any CPU
		{8E14F88B-D0AA-457D-A00D-2FD0AA2F2ED4}.Release|Any CPU.ActiveCfg = Release|Any CPU
		{8E14F88B-D0AA-457D-A00D-2FD0AA2F2ED4}.Release|Any CPU.Build.0 = Release|Any CPU
		{8E14F88B-D0AA-457D-A00D-2FD0AA2F2ED4}.Release|Mixed Platforms.ActiveCfg = Release|Any CPU
		{8E14F88B-D0AA-457D-A00D-2FD0AA2F2ED4}.Release|Mixed Platforms.Build.0 = Release|Any CPU
		{8E14F88B-D0AA-457D-A00D-2FD0AA2F2ED4}.Release|x86.ActiveCfg = Release|Any CPU
		{8E14F88B-D0AA-457D-A00D-2FD0AA2F2ED4}.SingleImage|Any CPU.ActiveCfg = Release|Any CPU
		{8E14F88B-D0AA-457D-A00D-2FD0AA2F2ED4}.SingleImage|Any CPU.Build.0 = Release|Any CPU
		{8E14F88B-D0AA-457D-A00D-2FD0AA2F2ED4}.SingleImage|Mixed Platforms.ActiveCfg = Release|Any CPU
		{8E14F88B-D0AA-457D-A00D-2FD0AA2F2ED4}.SingleImage|Mixed Platforms.Build.0 = Release|Any CPU
		{8E14F88B-D0AA-457D-A00D-2FD0AA2F2ED4}.SingleImage|x86.ActiveCfg = Release|Any CPU
		{8B8DE4A1-0E3F-40E0-9737-F738B1375290}.CD_ROM|Any CPU.ActiveCfg = Release|Any CPU
		{8B8DE4A1-0E3F-40E0-9737-F738B1375290}.CD_ROM|Any CPU.Build.0 = Release|Any CPU
		{8B8DE4A1-0E3F-40E0-9737-F738B1375290}.CD_ROM|Mixed Platforms.ActiveCfg = Release|Any CPU
		{8B8DE4A1-0E3F-40E0-9737-F738B1375290}.CD_ROM|Mixed Platforms.Build.0 = Release|Any CPU
		{8B8DE4A1-0E3F-40E0-9737-F738B1375290}.CD_ROM|x86.ActiveCfg = Release|Any CPU
		{8B8DE4A1-0E3F-40E0-9737-F738B1375290}.Debug|Any CPU.ActiveCfg = Debug|Any CPU
		{8B8DE4A1-0E3F-40E0-9737-F738B1375290}.Debug|Any CPU.Build.0 = Debug|Any CPU
		{8B8DE4A1-0E3F-40E0-9737-F738B1375290}.Debug|Mixed Platforms.ActiveCfg = Debug|Any CPU
		{8B8DE4A1-0E3F-40E0-9737-F738B1375290}.Debug|Mixed Platforms.Build.0 = Debug|Any CPU
		{8B8DE4A1-0E3F-40E0-9737-F738B1375290}.Debug|x86.ActiveCfg = Debug|Any CPU
		{8B8DE4A1-0E3F-40E0-9737-F738B1375290}.DVD-5|Any CPU.ActiveCfg = Debug|Any CPU
		{8B8DE4A1-0E3F-40E0-9737-F738B1375290}.DVD-5|Any CPU.Build.0 = Debug|Any CPU
		{8B8DE4A1-0E3F-40E0-9737-F738B1375290}.DVD-5|Mixed Platforms.ActiveCfg = Debug|Any CPU
		{8B8DE4A1-0E3F-40E0-9737-F738B1375290}.DVD-5|Mixed Platforms.Build.0 = Debug|Any CPU
		{8B8DE4A1-0E3F-40E0-9737-F738B1375290}.DVD-5|x86.ActiveCfg = Debug|Any CPU
		{8B8DE4A1-0E3F-40E0-9737-F738B1375290}.Release|Any CPU.ActiveCfg = Release|Any CPU
		{8B8DE4A1-0E3F-40E0-9737-F738B1375290}.Release|Any CPU.Build.0 = Release|Any CPU
		{8B8DE4A1-0E3F-40E0-9737-F738B1375290}.Release|Mixed Platforms.ActiveCfg = Release|Any CPU
		{8B8DE4A1-0E3F-40E0-9737-F738B1375290}.Release|Mixed Platforms.Build.0 = Release|Any CPU
		{8B8DE4A1-0E3F-40E0-9737-F738B1375290}.Release|x86.ActiveCfg = Release|Any CPU
		{8B8DE4A1-0E3F-40E0-9737-F738B1375290}.SingleImage|Any CPU.ActiveCfg = Release|Any CPU
		{8B8DE4A1-0E3F-40E0-9737-F738B1375290}.SingleImage|Any CPU.Build.0 = Release|Any CPU
		{8B8DE4A1-0E3F-40E0-9737-F738B1375290}.SingleImage|Mixed Platforms.ActiveCfg = Release|Any CPU
		{8B8DE4A1-0E3F-40E0-9737-F738B1375290}.SingleImage|Mixed Platforms.Build.0 = Release|Any CPU
		{8B8DE4A1-0E3F-40E0-9737-F738B1375290}.SingleImage|x86.ActiveCfg = Release|Any CPU
		{0EED22DD-ED78-48CF-8414-1423325B2B0A}.CD_ROM|Any CPU.ActiveCfg = Release|Any CPU
		{0EED22DD-ED78-48CF-8414-1423325B2B0A}.CD_ROM|Any CPU.Build.0 = Release|Any CPU
		{0EED22DD-ED78-48CF-8414-1423325B2B0A}.CD_ROM|Mixed Platforms.ActiveCfg = Release|Any CPU
		{0EED22DD-ED78-48CF-8414-1423325B2B0A}.CD_ROM|Mixed Platforms.Build.0 = Release|Any CPU
		{0EED22DD-ED78-48CF-8414-1423325B2B0A}.CD_ROM|x86.ActiveCfg = Release|Any CPU
		{0EED22DD-ED78-48CF-8414-1423325B2B0A}.Debug|Any CPU.ActiveCfg = Debug|Any CPU
		{0EED22DD-ED78-48CF-8414-1423325B2B0A}.Debug|Any CPU.Build.0 = Debug|Any CPU
		{0EED22DD-ED78-48CF-8414-1423325B2B0A}.Debug|Mixed Platforms.ActiveCfg = Debug|Any CPU
		{0EED22DD-ED78-48CF-8414-1423325B2B0A}.Debug|Mixed Platforms.Build.0 = Debug|Any CPU
		{0EED22DD-ED78-48CF-8414-1423325B2B0A}.Debug|x86.ActiveCfg = Debug|Any CPU
		{0EED22DD-ED78-48CF-8414-1423325B2B0A}.DVD-5|Any CPU.ActiveCfg = Debug|Any CPU
		{0EED22DD-ED78-48CF-8414-1423325B2B0A}.DVD-5|Any CPU.Build.0 = Debug|Any CPU
		{0EED22DD-ED78-48CF-8414-1423325B2B0A}.DVD-5|Mixed Platforms.ActiveCfg = Debug|Any CPU
		{0EED22DD-ED78-48CF-8414-1423325B2B0A}.DVD-5|Mixed Platforms.Build.0 = Debug|Any CPU
		{0EED22DD-ED78-48CF-8414-1423325B2B0A}.DVD-5|x86.ActiveCfg = Debug|Any CPU
		{0EED22DD-ED78-48CF-8414-1423325B2B0A}.Release|Any CPU.ActiveCfg = Release|Any CPU
		{0EED22DD-ED78-48CF-8414-1423325B2B0A}.Release|Any CPU.Build.0 = Release|Any CPU
		{0EED22DD-ED78-48CF-8414-1423325B2B0A}.Release|Mixed Platforms.ActiveCfg = Release|Any CPU
		{0EED22DD-ED78-48CF-8414-1423325B2B0A}.Release|Mixed Platforms.Build.0 = Release|Any CPU
		{0EED22DD-ED78-48CF-8414-1423325B2B0A}.Release|x86.ActiveCfg = Release|Any CPU
		{0EED22DD-ED78-48CF-8414-1423325B2B0A}.SingleImage|Any CPU.ActiveCfg = Release|Any CPU
		{0EED22DD-ED78-48CF-8414-1423325B2B0A}.SingleImage|Any CPU.Build.0 = Release|Any CPU
		{0EED22DD-ED78-48CF-8414-1423325B2B0A}.SingleImage|Mixed Platforms.ActiveCfg = Release|Any CPU
		{0EED22DD-ED78-48CF-8414-1423325B2B0A}.SingleImage|Mixed Platforms.Build.0 = Release|Any CPU
		{0EED22DD-ED78-48CF-8414-1423325B2B0A}.SingleImage|x86.ActiveCfg = Release|Any CPU
		{3C332B3C-6143-40CB-9EBC-114436880078}.CD_ROM|Any CPU.ActiveCfg = Release|Any CPU
		{3C332B3C-6143-40CB-9EBC-114436880078}.CD_ROM|Any CPU.Build.0 = Release|Any CPU
		{3C332B3C-6143-40CB-9EBC-114436880078}.CD_ROM|Mixed Platforms.ActiveCfg = Release|Any CPU
		{3C332B3C-6143-40CB-9EBC-114436880078}.CD_ROM|Mixed Platforms.Build.0 = Release|Any CPU
		{3C332B3C-6143-40CB-9EBC-114436880078}.CD_ROM|x86.ActiveCfg = Release|Any CPU
		{3C332B3C-6143-40CB-9EBC-114436880078}.Debug|Any CPU.ActiveCfg = Debug|Any CPU
		{3C332B3C-6143-40CB-9EBC-114436880078}.Debug|Any CPU.Build.0 = Debug|Any CPU
		{3C332B3C-6143-40CB-9EBC-114436880078}.Debug|Mixed Platforms.ActiveCfg = Debug|Any CPU
		{3C332B3C-6143-40CB-9EBC-114436880078}.Debug|Mixed Platforms.Build.0 = Debug|Any CPU
		{3C332B3C-6143-40CB-9EBC-114436880078}.Debug|x86.ActiveCfg = Debug|Any CPU
		{3C332B3C-6143-40CB-9EBC-114436880078}.DVD-5|Any CPU.ActiveCfg = Debug|Any CPU
		{3C332B3C-6143-40CB-9EBC-114436880078}.DVD-5|Any CPU.Build.0 = Debug|Any CPU
		{3C332B3C-6143-40CB-9EBC-114436880078}.DVD-5|Mixed Platforms.ActiveCfg = Debug|Any CPU
		{3C332B3C-6143-40CB-9EBC-114436880078}.DVD-5|Mixed Platforms.Build.0 = Debug|Any CPU
		{3C332B3C-6143-40CB-9EBC-114436880078}.DVD-5|x86.ActiveCfg = Debug|Any CPU
		{3C332B3C-6143-40CB-9EBC-114436880078}.Release|Any CPU.ActiveCfg = Release|Any CPU
		{3C332B3C-6143-40CB-9EBC-114436880078}.Release|Any CPU.Build.0 = Release|Any CPU
		{3C332B3C-6143-40CB-9EBC-114436880078}.Release|Mixed Platforms.ActiveCfg = Release|Any CPU
		{3C332B3C-6143-40CB-9EBC-114436880078}.Release|Mixed Platforms.Build.0 = Release|Any CPU
		{3C332B3C-6143-40CB-9EBC-114436880078}.Release|x86.ActiveCfg = Release|Any CPU
		{3C332B3C-6143-40CB-9EBC-114436880078}.SingleImage|Any CPU.ActiveCfg = Release|Any CPU
		{3C332B3C-6143-40CB-9EBC-114436880078}.SingleImage|Any CPU.Build.0 = Release|Any CPU
		{3C332B3C-6143-40CB-9EBC-114436880078}.SingleImage|Mixed Platforms.ActiveCfg = Release|Any CPU
		{3C332B3C-6143-40CB-9EBC-114436880078}.SingleImage|Mixed Platforms.Build.0 = Release|Any CPU
		{3C332B3C-6143-40CB-9EBC-114436880078}.SingleImage|x86.ActiveCfg = Release|Any CPU
		{A9B1DD86-9A7A-45B8-BD29-30B7634A12C9}.CD_ROM|Any CPU.ActiveCfg = Release|Any CPU
		{A9B1DD86-9A7A-45B8-BD29-30B7634A12C9}.CD_ROM|Any CPU.Build.0 = Release|Any CPU
		{A9B1DD86-9A7A-45B8-BD29-30B7634A12C9}.CD_ROM|Mixed Platforms.ActiveCfg = Release|Any CPU
		{A9B1DD86-9A7A-45B8-BD29-30B7634A12C9}.CD_ROM|Mixed Platforms.Build.0 = Release|Any CPU
		{A9B1DD86-9A7A-45B8-BD29-30B7634A12C9}.CD_ROM|x86.ActiveCfg = Release|Any CPU
		{A9B1DD86-9A7A-45B8-BD29-30B7634A12C9}.Debug|Any CPU.ActiveCfg = Debug|Any CPU
		{A9B1DD86-9A7A-45B8-BD29-30B7634A12C9}.Debug|Any CPU.Build.0 = Debug|Any CPU
		{A9B1DD86-9A7A-45B8-BD29-30B7634A12C9}.Debug|Mixed Platforms.ActiveCfg = Debug|Any CPU
		{A9B1DD86-9A7A-45B8-BD29-30B7634A12C9}.Debug|Mixed Platforms.Build.0 = Debug|Any CPU
		{A9B1DD86-9A7A-45B8-BD29-30B7634A12C9}.Debug|x86.ActiveCfg = Debug|Any CPU
		{A9B1DD86-9A7A-45B8-BD29-30B7634A12C9}.DVD-5|Any CPU.ActiveCfg = Debug|Any CPU
		{A9B1DD86-9A7A-45B8-BD29-30B7634A12C9}.DVD-5|Any CPU.Build.0 = Debug|Any CPU
		{A9B1DD86-9A7A-45B8-BD29-30B7634A12C9}.DVD-5|Mixed Platforms.ActiveCfg = Debug|Any CPU
		{A9B1DD86-9A7A-45B8-BD29-30B7634A12C9}.DVD-5|Mixed Platforms.Build.0 = Debug|Any CPU
		{A9B1DD86-9A7A-45B8-BD29-30B7634A12C9}.DVD-5|x86.ActiveCfg = Debug|Any CPU
		{A9B1DD86-9A7A-45B8-BD29-30B7634A12C9}.Release|Any CPU.ActiveCfg = Release|Any CPU
		{A9B1DD86-9A7A-45B8-BD29-30B7634A12C9}.Release|Any CPU.Build.0 = Release|Any CPU
		{A9B1DD86-9A7A-45B8-BD29-30B7634A12C9}.Release|Mixed Platforms.ActiveCfg = Release|Any CPU
		{A9B1DD86-9A7A-45B8-BD29-30B7634A12C9}.Release|Mixed Platforms.Build.0 = Release|Any CPU
		{A9B1DD86-9A7A-45B8-BD29-30B7634A12C9}.Release|x86.ActiveCfg = Release|Any CPU
		{A9B1DD86-9A7A-45B8-BD29-30B7634A12C9}.SingleImage|Any CPU.ActiveCfg = Release|Any CPU
		{A9B1DD86-9A7A-45B8-BD29-30B7634A12C9}.SingleImage|Any CPU.Build.0 = Release|Any CPU
		{A9B1DD86-9A7A-45B8-BD29-30B7634A12C9}.SingleImage|Mixed Platforms.ActiveCfg = Release|Any CPU
		{A9B1DD86-9A7A-45B8-BD29-30B7634A12C9}.SingleImage|Mixed Platforms.Build.0 = Release|Any CPU
		{A9B1DD86-9A7A-45B8-BD29-30B7634A12C9}.SingleImage|x86.ActiveCfg = Release|Any CPU
		{79A34603-436C-4C5A-A600-A51C0A6981ED}.CD_ROM|Any CPU.ActiveCfg = Release|Any CPU
		{79A34603-436C-4C5A-A600-A51C0A6981ED}.CD_ROM|Any CPU.Build.0 = Release|Any CPU
		{79A34603-436C-4C5A-A600-A51C0A6981ED}.CD_ROM|Mixed Platforms.ActiveCfg = Release|Any CPU
		{79A34603-436C-4C5A-A600-A51C0A6981ED}.CD_ROM|Mixed Platforms.Build.0 = Release|Any CPU
		{79A34603-436C-4C5A-A600-A51C0A6981ED}.CD_ROM|x86.ActiveCfg = Release|Any CPU
		{79A34603-436C-4C5A-A600-A51C0A6981ED}.Debug|Any CPU.ActiveCfg = Debug|Any CPU
		{79A34603-436C-4C5A-A600-A51C0A6981ED}.Debug|Any CPU.Build.0 = Debug|Any CPU
		{79A34603-436C-4C5A-A600-A51C0A6981ED}.Debug|Mixed Platforms.ActiveCfg = Debug|Any CPU
		{79A34603-436C-4C5A-A600-A51C0A6981ED}.Debug|Mixed Platforms.Build.0 = Debug|Any CPU
		{79A34603-436C-4C5A-A600-A51C0A6981ED}.Debug|x86.ActiveCfg = Debug|Any CPU
		{79A34603-436C-4C5A-A600-A51C0A6981ED}.DVD-5|Any CPU.ActiveCfg = Debug|Any CPU
		{79A34603-436C-4C5A-A600-A51C0A6981ED}.DVD-5|Any CPU.Build.0 = Debug|Any CPU
		{79A34603-436C-4C5A-A600-A51C0A6981ED}.DVD-5|Mixed Platforms.ActiveCfg = Debug|Any CPU
		{79A34603-436C-4C5A-A600-A51C0A6981ED}.DVD-5|Mixed Platforms.Build.0 = Debug|Any CPU
		{79A34603-436C-4C5A-A600-A51C0A6981ED}.DVD-5|x86.ActiveCfg = Debug|Any CPU
		{79A34603-436C-4C5A-A600-A51C0A6981ED}.Release|Any CPU.ActiveCfg = Release|Any CPU
		{79A34603-436C-4C5A-A600-A51C0A6981ED}.Release|Any CPU.Build.0 = Release|Any CPU
		{79A34603-436C-4C5A-A600-A51C0A6981ED}.Release|Mixed Platforms.ActiveCfg = Release|Any CPU
		{79A34603-436C-4C5A-A600-A51C0A6981ED}.Release|Mixed Platforms.Build.0 = Release|Any CPU
		{79A34603-436C-4C5A-A600-A51C0A6981ED}.Release|x86.ActiveCfg = Release|Any CPU
		{79A34603-436C-4C5A-A600-A51C0A6981ED}.SingleImage|Any CPU.ActiveCfg = Release|Any CPU
		{79A34603-436C-4C5A-A600-A51C0A6981ED}.SingleImage|Any CPU.Build.0 = Release|Any CPU
		{79A34603-436C-4C5A-A600-A51C0A6981ED}.SingleImage|Mixed Platforms.ActiveCfg = Release|Any CPU
		{79A34603-436C-4C5A-A600-A51C0A6981ED}.SingleImage|Mixed Platforms.Build.0 = Release|Any CPU
		{79A34603-436C-4C5A-A600-A51C0A6981ED}.SingleImage|x86.ActiveCfg = Release|Any CPU
		{500BB026-069B-4C28-8D3A-54BA643BD8BC}.CD_ROM|Any CPU.ActiveCfg = Release|Any CPU
		{500BB026-069B-4C28-8D3A-54BA643BD8BC}.CD_ROM|Any CPU.Build.0 = Release|Any CPU
		{500BB026-069B-4C28-8D3A-54BA643BD8BC}.CD_ROM|Mixed Platforms.ActiveCfg = Release|Any CPU
		{500BB026-069B-4C28-8D3A-54BA643BD8BC}.CD_ROM|Mixed Platforms.Build.0 = Release|Any CPU
		{500BB026-069B-4C28-8D3A-54BA643BD8BC}.CD_ROM|x86.ActiveCfg = Release|Any CPU
		{500BB026-069B-4C28-8D3A-54BA643BD8BC}.Debug|Any CPU.ActiveCfg = Debug|Any CPU
		{500BB026-069B-4C28-8D3A-54BA643BD8BC}.Debug|Any CPU.Build.0 = Debug|Any CPU
		{500BB026-069B-4C28-8D3A-54BA643BD8BC}.Debug|Mixed Platforms.ActiveCfg = Debug|Any CPU
		{500BB026-069B-4C28-8D3A-54BA643BD8BC}.Debug|Mixed Platforms.Build.0 = Debug|Any CPU
		{500BB026-069B-4C28-8D3A-54BA643BD8BC}.Debug|x86.ActiveCfg = Debug|Any CPU
		{500BB026-069B-4C28-8D3A-54BA643BD8BC}.DVD-5|Any CPU.ActiveCfg = Debug|Any CPU
		{500BB026-069B-4C28-8D3A-54BA643BD8BC}.DVD-5|Any CPU.Build.0 = Debug|Any CPU
		{500BB026-069B-4C28-8D3A-54BA643BD8BC}.DVD-5|Mixed Platforms.ActiveCfg = Debug|Any CPU
		{500BB026-069B-4C28-8D3A-54BA643BD8BC}.DVD-5|Mixed Platforms.Build.0 = Debug|Any CPU
		{500BB026-069B-4C28-8D3A-54BA643BD8BC}.DVD-5|x86.ActiveCfg = Debug|Any CPU
		{500BB026-069B-4C28-8D3A-54BA643BD8BC}.Release|Any CPU.ActiveCfg = Release|Any CPU
		{500BB026-069B-4C28-8D3A-54BA643BD8BC}.Release|Any CPU.Build.0 = Release|Any CPU
		{500BB026-069B-4C28-8D3A-54BA643BD8BC}.Release|Mixed Platforms.ActiveCfg = Release|Any CPU
		{500BB026-069B-4C28-8D3A-54BA643BD8BC}.Release|Mixed Platforms.Build.0 = Release|Any CPU
		{500BB026-069B-4C28-8D3A-54BA643BD8BC}.Release|x86.ActiveCfg = Release|Any CPU
		{500BB026-069B-4C28-8D3A-54BA643BD8BC}.SingleImage|Any CPU.ActiveCfg = Release|Any CPU
		{500BB026-069B-4C28-8D3A-54BA643BD8BC}.SingleImage|Any CPU.Build.0 = Release|Any CPU
		{500BB026-069B-4C28-8D3A-54BA643BD8BC}.SingleImage|Mixed Platforms.ActiveCfg = Release|Any CPU
		{500BB026-069B-4C28-8D3A-54BA643BD8BC}.SingleImage|Mixed Platforms.Build.0 = Release|Any CPU
		{500BB026-069B-4C28-8D3A-54BA643BD8BC}.SingleImage|x86.ActiveCfg = Release|Any CPU
		{079891DC-7839-4A44-AAF9-C3AF3EBE9094}.CD_ROM|Any CPU.ActiveCfg = Release|Any CPU
		{079891DC-7839-4A44-AAF9-C3AF3EBE9094}.CD_ROM|Any CPU.Build.0 = Release|Any CPU
		{079891DC-7839-4A44-AAF9-C3AF3EBE9094}.CD_ROM|Mixed Platforms.ActiveCfg = Release|Any CPU
		{079891DC-7839-4A44-AAF9-C3AF3EBE9094}.CD_ROM|Mixed Platforms.Build.0 = Release|Any CPU
		{079891DC-7839-4A44-AAF9-C3AF3EBE9094}.CD_ROM|x86.ActiveCfg = Release|Any CPU
		{079891DC-7839-4A44-AAF9-C3AF3EBE9094}.Debug|Any CPU.ActiveCfg = Debug|Any CPU
		{079891DC-7839-4A44-AAF9-C3AF3EBE9094}.Debug|Any CPU.Build.0 = Debug|Any CPU
		{079891DC-7839-4A44-AAF9-C3AF3EBE9094}.Debug|Mixed Platforms.ActiveCfg = Debug|Any CPU
		{079891DC-7839-4A44-AAF9-C3AF3EBE9094}.Debug|Mixed Platforms.Build.0 = Debug|Any CPU
		{079891DC-7839-4A44-AAF9-C3AF3EBE9094}.Debug|x86.ActiveCfg = Debug|Any CPU
		{079891DC-7839-4A44-AAF9-C3AF3EBE9094}.DVD-5|Any CPU.ActiveCfg = Debug|Any CPU
		{079891DC-7839-4A44-AAF9-C3AF3EBE9094}.DVD-5|Any CPU.Build.0 = Debug|Any CPU
		{079891DC-7839-4A44-AAF9-C3AF3EBE9094}.DVD-5|Mixed Platforms.ActiveCfg = Debug|Any CPU
		{079891DC-7839-4A44-AAF9-C3AF3EBE9094}.DVD-5|Mixed Platforms.Build.0 = Debug|Any CPU
		{079891DC-7839-4A44-AAF9-C3AF3EBE9094}.DVD-5|x86.ActiveCfg = Debug|Any CPU
		{079891DC-7839-4A44-AAF9-C3AF3EBE9094}.Release|Any CPU.ActiveCfg = Release|Any CPU
		{079891DC-7839-4A44-AAF9-C3AF3EBE9094}.Release|Any CPU.Build.0 = Release|Any CPU
		{079891DC-7839-4A44-AAF9-C3AF3EBE9094}.Release|Mixed Platforms.ActiveCfg = Release|Any CPU
		{079891DC-7839-4A44-AAF9-C3AF3EBE9094}.Release|Mixed Platforms.Build.0 = Release|Any CPU
		{079891DC-7839-4A44-AAF9-C3AF3EBE9094}.Release|x86.ActiveCfg = Release|Any CPU
		{079891DC-7839-4A44-AAF9-C3AF3EBE9094}.SingleImage|Any CPU.ActiveCfg = Release|Any CPU
		{079891DC-7839-4A44-AAF9-C3AF3EBE9094}.SingleImage|Any CPU.Build.0 = Release|Any CPU
		{079891DC-7839-4A44-AAF9-C3AF3EBE9094}.SingleImage|Mixed Platforms.ActiveCfg = Release|Any CPU
		{079891DC-7839-4A44-AAF9-C3AF3EBE9094}.SingleImage|Mixed Platforms.Build.0 = Release|Any CPU
		{079891DC-7839-4A44-AAF9-C3AF3EBE9094}.SingleImage|x86.ActiveCfg = Release|Any CPU
		{489FA982-7E24-4795-A9A7-306B15A709B5}.CD_ROM|Any CPU.ActiveCfg = Release|Any CPU
		{489FA982-7E24-4795-A9A7-306B15A709B5}.CD_ROM|Any CPU.Build.0 = Release|Any CPU
		{489FA982-7E24-4795-A9A7-306B15A709B5}.CD_ROM|Mixed Platforms.ActiveCfg = Release|Any CPU
		{489FA982-7E24-4795-A9A7-306B15A709B5}.CD_ROM|Mixed Platforms.Build.0 = Release|Any CPU
		{489FA982-7E24-4795-A9A7-306B15A709B5}.CD_ROM|x86.ActiveCfg = Release|Any CPU
		{489FA982-7E24-4795-A9A7-306B15A709B5}.Debug|Any CPU.ActiveCfg = Debug|Any CPU
		{489FA982-7E24-4795-A9A7-306B15A709B5}.Debug|Any CPU.Build.0 = Debug|Any CPU
		{489FA982-7E24-4795-A9A7-306B15A709B5}.Debug|Mixed Platforms.ActiveCfg = Debug|Any CPU
		{489FA982-7E24-4795-A9A7-306B15A709B5}.Debug|Mixed Platforms.Build.0 = Debug|Any CPU
		{489FA982-7E24-4795-A9A7-306B15A709B5}.Debug|x86.ActiveCfg = Debug|Any CPU
		{489FA982-7E24-4795-A9A7-306B15A709B5}.DVD-5|Any CPU.ActiveCfg = Debug|Any CPU
		{489FA982-7E24-4795-A9A7-306B15A709B5}.DVD-5|Any CPU.Build.0 = Debug|Any CPU
		{489FA982-7E24-4795-A9A7-306B15A709B5}.DVD-5|Mixed Platforms.ActiveCfg = Debug|Any CPU
		{489FA982-7E24-4795-A9A7-306B15A709B5}.DVD-5|Mixed Platforms.Build.0 = Debug|Any CPU
		{489FA982-7E24-4795-A9A7-306B15A709B5}.DVD-5|x86.ActiveCfg = Debug|Any CPU
		{489FA982-7E24-4795-A9A7-306B15A709B5}.Release|Any CPU.ActiveCfg = Release|Any CPU
		{489FA982-7E24-4795-A9A7-306B15A709B5}.Release|Any CPU.Build.0 = Release|Any CPU
		{489FA982-7E24-4795-A9A7-306B15A709B5}.Release|Mixed Platforms.ActiveCfg = Release|Any CPU
		{489FA982-7E24-4795-A9A7-306B15A709B5}.Release|Mixed Platforms.Build.0 = Release|Any CPU
		{489FA982-7E24-4795-A9A7-306B15A709B5}.Release|x86.ActiveCfg = Release|Any CPU
		{489FA982-7E24-4795-A9A7-306B15A709B5}.SingleImage|Any CPU.ActiveCfg = Release|Any CPU
		{489FA982-7E24-4795-A9A7-306B15A709B5}.SingleImage|Any CPU.Build.0 = Release|Any CPU
		{489FA982-7E24-4795-A9A7-306B15A709B5}.SingleImage|Mixed Platforms.ActiveCfg = Release|Any CPU
		{489FA982-7E24-4795-A9A7-306B15A709B5}.SingleImage|Mixed Platforms.Build.0 = Release|Any CPU
		{489FA982-7E24-4795-A9A7-306B15A709B5}.SingleImage|x86.ActiveCfg = Release|Any CPU
		{E59E9994-5260-4D67-A99A-AA0F392833D0}.CD_ROM|Any CPU.ActiveCfg = Release|Any CPU
		{E59E9994-5260-4D67-A99A-AA0F392833D0}.CD_ROM|Any CPU.Build.0 = Release|Any CPU
		{E59E9994-5260-4D67-A99A-AA0F392833D0}.CD_ROM|Mixed Platforms.ActiveCfg = Release|Any CPU
		{E59E9994-5260-4D67-A99A-AA0F392833D0}.CD_ROM|Mixed Platforms.Build.0 = Release|Any CPU
		{E59E9994-5260-4D67-A99A-AA0F392833D0}.CD_ROM|x86.ActiveCfg = Release|Any CPU
		{E59E9994-5260-4D67-A99A-AA0F392833D0}.Debug|Any CPU.ActiveCfg = Debug|Any CPU
		{E59E9994-5260-4D67-A99A-AA0F392833D0}.Debug|Any CPU.Build.0 = Debug|Any CPU
		{E59E9994-5260-4D67-A99A-AA0F392833D0}.Debug|Mixed Platforms.ActiveCfg = Debug|Any CPU
		{E59E9994-5260-4D67-A99A-AA0F392833D0}.Debug|Mixed Platforms.Build.0 = Debug|Any CPU
		{E59E9994-5260-4D67-A99A-AA0F392833D0}.Debug|x86.ActiveCfg = Debug|Any CPU
		{E59E9994-5260-4D67-A99A-AA0F392833D0}.DVD-5|Any CPU.ActiveCfg = Debug|Any CPU
		{E59E9994-5260-4D67-A99A-AA0F392833D0}.DVD-5|Any CPU.Build.0 = Debug|Any CPU
		{E59E9994-5260-4D67-A99A-AA0F392833D0}.DVD-5|Mixed Platforms.ActiveCfg = Debug|Any CPU
		{E59E9994-5260-4D67-A99A-AA0F392833D0}.DVD-5|Mixed Platforms.Build.0 = Debug|Any CPU
		{E59E9994-5260-4D67-A99A-AA0F392833D0}.DVD-5|x86.ActiveCfg = Debug|Any CPU
		{E59E9994-5260-4D67-A99A-AA0F392833D0}.Release|Any CPU.ActiveCfg = Release|Any CPU
		{E59E9994-5260-4D67-A99A-AA0F392833D0}.Release|Any CPU.Build.0 = Release|Any CPU
		{E59E9994-5260-4D67-A99A-AA0F392833D0}.Release|Mixed Platforms.ActiveCfg = Release|Any CPU
		{E59E9994-5260-4D67-A99A-AA0F392833D0}.Release|Mixed Platforms.Build.0 = Release|Any CPU
		{E59E9994-5260-4D67-A99A-AA0F392833D0}.Release|x86.ActiveCfg = Release|Any CPU
		{E59E9994-5260-4D67-A99A-AA0F392833D0}.SingleImage|Any CPU.ActiveCfg = Release|Any CPU
		{E59E9994-5260-4D67-A99A-AA0F392833D0}.SingleImage|Any CPU.Build.0 = Release|Any CPU
		{E59E9994-5260-4D67-A99A-AA0F392833D0}.SingleImage|Mixed Platforms.ActiveCfg = Release|Any CPU
		{E59E9994-5260-4D67-A99A-AA0F392833D0}.SingleImage|Mixed Platforms.Build.0 = Release|Any CPU
		{E59E9994-5260-4D67-A99A-AA0F392833D0}.SingleImage|x86.ActiveCfg = Release|Any CPU
		{D4970339-3554-4391-99E3-28A961E23F27}.CD_ROM|Any CPU.ActiveCfg = Release|Any CPU
		{D4970339-3554-4391-99E3-28A961E23F27}.CD_ROM|Any CPU.Build.0 = Release|Any CPU
		{D4970339-3554-4391-99E3-28A961E23F27}.CD_ROM|Mixed Platforms.ActiveCfg = Release|Any CPU
		{D4970339-3554-4391-99E3-28A961E23F27}.CD_ROM|Mixed Platforms.Build.0 = Release|Any CPU
		{D4970339-3554-4391-99E3-28A961E23F27}.CD_ROM|x86.ActiveCfg = Release|Any CPU
		{D4970339-3554-4391-99E3-28A961E23F27}.Debug|Any CPU.ActiveCfg = Debug|Any CPU
		{D4970339-3554-4391-99E3-28A961E23F27}.Debug|Any CPU.Build.0 = Debug|Any CPU
		{D4970339-3554-4391-99E3-28A961E23F27}.Debug|Mixed Platforms.ActiveCfg = Debug|Any CPU
		{D4970339-3554-4391-99E3-28A961E23F27}.Debug|Mixed Platforms.Build.0 = Debug|Any CPU
		{D4970339-3554-4391-99E3-28A961E23F27}.Debug|x86.ActiveCfg = Debug|Any CPU
		{D4970339-3554-4391-99E3-28A961E23F27}.DVD-5|Any CPU.ActiveCfg = Debug|Any CPU
		{D4970339-3554-4391-99E3-28A961E23F27}.DVD-5|Any CPU.Build.0 = Debug|Any CPU
		{D4970339-3554-4391-99E3-28A961E23F27}.DVD-5|Mixed Platforms.ActiveCfg = Debug|Any CPU
		{D4970339-3554-4391-99E3-28A961E23F27}.DVD-5|Mixed Platforms.Build.0 = Debug|Any CPU
		{D4970339-3554-4391-99E3-28A961E23F27}.DVD-5|x86.ActiveCfg = Debug|Any CPU
		{D4970339-3554-4391-99E3-28A961E23F27}.Release|Any CPU.ActiveCfg = Release|Any CPU
		{D4970339-3554-4391-99E3-28A961E23F27}.Release|Any CPU.Build.0 = Release|Any CPU
		{D4970339-3554-4391-99E3-28A961E23F27}.Release|Mixed Platforms.ActiveCfg = Release|Any CPU
		{D4970339-3554-4391-99E3-28A961E23F27}.Release|Mixed Platforms.Build.0 = Release|Any CPU
		{D4970339-3554-4391-99E3-28A961E23F27}.Release|x86.ActiveCfg = Release|Any CPU
		{D4970339-3554-4391-99E3-28A961E23F27}.SingleImage|Any CPU.ActiveCfg = Release|Any CPU
		{D4970339-3554-4391-99E3-28A961E23F27}.SingleImage|Any CPU.Build.0 = Release|Any CPU
		{D4970339-3554-4391-99E3-28A961E23F27}.SingleImage|Mixed Platforms.ActiveCfg = Release|Any CPU
		{D4970339-3554-4391-99E3-28A961E23F27}.SingleImage|Mixed Platforms.Build.0 = Release|Any CPU
		{D4970339-3554-4391-99E3-28A961E23F27}.SingleImage|x86.ActiveCfg = Release|Any CPU
		{B05B7F68-D7EB-46AE-989B-D802D512926F}.CD_ROM|Any CPU.ActiveCfg = Release|Any CPU
		{B05B7F68-D7EB-46AE-989B-D802D512926F}.CD_ROM|Any CPU.Build.0 = Release|Any CPU
		{B05B7F68-D7EB-46AE-989B-D802D512926F}.CD_ROM|Mixed Platforms.ActiveCfg = Release|Any CPU
		{B05B7F68-D7EB-46AE-989B-D802D512926F}.CD_ROM|Mixed Platforms.Build.0 = Release|Any CPU
		{B05B7F68-D7EB-46AE-989B-D802D512926F}.CD_ROM|x86.ActiveCfg = Release|Any CPU
		{B05B7F68-D7EB-46AE-989B-D802D512926F}.Debug|Any CPU.ActiveCfg = Debug|Any CPU
		{B05B7F68-D7EB-46AE-989B-D802D512926F}.Debug|Any CPU.Build.0 = Debug|Any CPU
		{B05B7F68-D7EB-46AE-989B-D802D512926F}.Debug|Mixed Platforms.ActiveCfg = Debug|Any CPU
		{B05B7F68-D7EB-46AE-989B-D802D512926F}.Debug|Mixed Platforms.Build.0 = Debug|Any CPU
		{B05B7F68-D7EB-46AE-989B-D802D512926F}.Debug|x86.ActiveCfg = Debug|Any CPU
		{B05B7F68-D7EB-46AE-989B-D802D512926F}.DVD-5|Any CPU.ActiveCfg = Debug|Any CPU
		{B05B7F68-D7EB-46AE-989B-D802D512926F}.DVD-5|Any CPU.Build.0 = Debug|Any CPU
		{B05B7F68-D7EB-46AE-989B-D802D512926F}.DVD-5|Mixed Platforms.ActiveCfg = Debug|Any CPU
		{B05B7F68-D7EB-46AE-989B-D802D512926F}.DVD-5|Mixed Platforms.Build.0 = Debug|Any CPU
		{B05B7F68-D7EB-46AE-989B-D802D512926F}.DVD-5|x86.ActiveCfg = Debug|Any CPU
		{B05B7F68-D7EB-46AE-989B-D802D512926F}.Release|Any CPU.ActiveCfg = Release|Any CPU
		{B05B7F68-D7EB-46AE-989B-D802D512926F}.Release|Any CPU.Build.0 = Release|Any CPU
		{B05B7F68-D7EB-46AE-989B-D802D512926F}.Release|Mixed Platforms.ActiveCfg = Release|Any CPU
		{B05B7F68-D7EB-46AE-989B-D802D512926F}.Release|Mixed Platforms.Build.0 = Release|Any CPU
		{B05B7F68-D7EB-46AE-989B-D802D512926F}.Release|x86.ActiveCfg = Release|Any CPU
		{B05B7F68-D7EB-46AE-989B-D802D512926F}.SingleImage|Any CPU.ActiveCfg = Release|Any CPU
		{B05B7F68-D7EB-46AE-989B-D802D512926F}.SingleImage|Any CPU.Build.0 = Release|Any CPU
		{B05B7F68-D7EB-46AE-989B-D802D512926F}.SingleImage|Mixed Platforms.ActiveCfg = Release|Any CPU
		{B05B7F68-D7EB-46AE-989B-D802D512926F}.SingleImage|Mixed Platforms.Build.0 = Release|Any CPU
		{B05B7F68-D7EB-46AE-989B-D802D512926F}.SingleImage|x86.ActiveCfg = Release|Any CPU
		{DB0E00BB-94A4-4503-A1AB-14960936D9C9}.CD_ROM|Any CPU.ActiveCfg = Release|Any CPU
		{DB0E00BB-94A4-4503-A1AB-14960936D9C9}.CD_ROM|Any CPU.Build.0 = Release|Any CPU
		{DB0E00BB-94A4-4503-A1AB-14960936D9C9}.CD_ROM|Mixed Platforms.ActiveCfg = Release|Any CPU
		{DB0E00BB-94A4-4503-A1AB-14960936D9C9}.CD_ROM|Mixed Platforms.Build.0 = Release|Any CPU
		{DB0E00BB-94A4-4503-A1AB-14960936D9C9}.CD_ROM|x86.ActiveCfg = Release|Any CPU
		{DB0E00BB-94A4-4503-A1AB-14960936D9C9}.Debug|Any CPU.ActiveCfg = Debug|Any CPU
		{DB0E00BB-94A4-4503-A1AB-14960936D9C9}.Debug|Any CPU.Build.0 = Debug|Any CPU
		{DB0E00BB-94A4-4503-A1AB-14960936D9C9}.Debug|Mixed Platforms.ActiveCfg = Debug|Any CPU
		{DB0E00BB-94A4-4503-A1AB-14960936D9C9}.Debug|Mixed Platforms.Build.0 = Debug|Any CPU
		{DB0E00BB-94A4-4503-A1AB-14960936D9C9}.Debug|x86.ActiveCfg = Debug|Any CPU
		{DB0E00BB-94A4-4503-A1AB-14960936D9C9}.DVD-5|Any CPU.ActiveCfg = Debug|Any CPU
		{DB0E00BB-94A4-4503-A1AB-14960936D9C9}.DVD-5|Any CPU.Build.0 = Debug|Any CPU
		{DB0E00BB-94A4-4503-A1AB-14960936D9C9}.DVD-5|Mixed Platforms.ActiveCfg = Debug|Any CPU
		{DB0E00BB-94A4-4503-A1AB-14960936D9C9}.DVD-5|Mixed Platforms.Build.0 = Debug|Any CPU
		{DB0E00BB-94A4-4503-A1AB-14960936D9C9}.DVD-5|x86.ActiveCfg = Debug|Any CPU
		{DB0E00BB-94A4-4503-A1AB-14960936D9C9}.Release|Any CPU.ActiveCfg = Release|Any CPU
		{DB0E00BB-94A4-4503-A1AB-14960936D9C9}.Release|Any CPU.Build.0 = Release|Any CPU
		{DB0E00BB-94A4-4503-A1AB-14960936D9C9}.Release|Mixed Platforms.ActiveCfg = Release|Any CPU
		{DB0E00BB-94A4-4503-A1AB-14960936D9C9}.Release|Mixed Platforms.Build.0 = Release|Any CPU
		{DB0E00BB-94A4-4503-A1AB-14960936D9C9}.Release|x86.ActiveCfg = Release|Any CPU
		{DB0E00BB-94A4-4503-A1AB-14960936D9C9}.SingleImage|Any CPU.ActiveCfg = Release|Any CPU
		{DB0E00BB-94A4-4503-A1AB-14960936D9C9}.SingleImage|Any CPU.Build.0 = Release|Any CPU
		{DB0E00BB-94A4-4503-A1AB-14960936D9C9}.SingleImage|Mixed Platforms.ActiveCfg = Release|Any CPU
		{DB0E00BB-94A4-4503-A1AB-14960936D9C9}.SingleImage|Mixed Platforms.Build.0 = Release|Any CPU
		{DB0E00BB-94A4-4503-A1AB-14960936D9C9}.SingleImage|x86.ActiveCfg = Release|Any CPU
		{F2F0599D-7229-42A1-860B-7268EAC61298}.CD_ROM|Any CPU.ActiveCfg = Release|Any CPU
		{F2F0599D-7229-42A1-860B-7268EAC61298}.CD_ROM|Any CPU.Build.0 = Release|Any CPU
		{F2F0599D-7229-42A1-860B-7268EAC61298}.CD_ROM|Mixed Platforms.ActiveCfg = Release|Any CPU
		{F2F0599D-7229-42A1-860B-7268EAC61298}.CD_ROM|Mixed Platforms.Build.0 = Release|Any CPU
		{F2F0599D-7229-42A1-860B-7268EAC61298}.CD_ROM|x86.ActiveCfg = Release|Any CPU
		{F2F0599D-7229-42A1-860B-7268EAC61298}.Debug|Any CPU.ActiveCfg = Debug|Any CPU
		{F2F0599D-7229-42A1-860B-7268EAC61298}.Debug|Any CPU.Build.0 = Debug|Any CPU
		{F2F0599D-7229-42A1-860B-7268EAC61298}.Debug|Mixed Platforms.ActiveCfg = Debug|Any CPU
		{F2F0599D-7229-42A1-860B-7268EAC61298}.Debug|Mixed Platforms.Build.0 = Debug|Any CPU
		{F2F0599D-7229-42A1-860B-7268EAC61298}.Debug|x86.ActiveCfg = Debug|Any CPU
		{F2F0599D-7229-42A1-860B-7268EAC61298}.DVD-5|Any CPU.ActiveCfg = Debug|Any CPU
		{F2F0599D-7229-42A1-860B-7268EAC61298}.DVD-5|Any CPU.Build.0 = Debug|Any CPU
		{F2F0599D-7229-42A1-860B-7268EAC61298}.DVD-5|Mixed Platforms.ActiveCfg = Debug|Any CPU
		{F2F0599D-7229-42A1-860B-7268EAC61298}.DVD-5|Mixed Platforms.Build.0 = Debug|Any CPU
		{F2F0599D-7229-42A1-860B-7268EAC61298}.DVD-5|x86.ActiveCfg = Debug|Any CPU
		{F2F0599D-7229-42A1-860B-7268EAC61298}.Release|Any CPU.ActiveCfg = Release|Any CPU
		{F2F0599D-7229-42A1-860B-7268EAC61298}.Release|Any CPU.Build.0 = Release|Any CPU
		{F2F0599D-7229-42A1-860B-7268EAC61298}.Release|Mixed Platforms.ActiveCfg = Release|Any CPU
		{F2F0599D-7229-42A1-860B-7268EAC61298}.Release|Mixed Platforms.Build.0 = Release|Any CPU
		{F2F0599D-7229-42A1-860B-7268EAC61298}.Release|x86.ActiveCfg = Release|Any CPU
		{F2F0599D-7229-42A1-860B-7268EAC61298}.SingleImage|Any CPU.ActiveCfg = Release|Any CPU
		{F2F0599D-7229-42A1-860B-7268EAC61298}.SingleImage|Any CPU.Build.0 = Release|Any CPU
		{F2F0599D-7229-42A1-860B-7268EAC61298}.SingleImage|Mixed Platforms.ActiveCfg = Release|Any CPU
		{F2F0599D-7229-42A1-860B-7268EAC61298}.SingleImage|Mixed Platforms.Build.0 = Release|Any CPU
		{F2F0599D-7229-42A1-860B-7268EAC61298}.SingleImage|x86.ActiveCfg = Release|Any CPU
		{012A8946-A193-4E94-B1A8-8F7EA41A67A5}.CD_ROM|Any CPU.ActiveCfg = Release|Any CPU
		{012A8946-A193-4E94-B1A8-8F7EA41A67A5}.CD_ROM|Any CPU.Build.0 = Release|Any CPU
		{012A8946-A193-4E94-B1A8-8F7EA41A67A5}.CD_ROM|Mixed Platforms.ActiveCfg = Release|Any CPU
		{012A8946-A193-4E94-B1A8-8F7EA41A67A5}.CD_ROM|Mixed Platforms.Build.0 = Release|Any CPU
		{012A8946-A193-4E94-B1A8-8F7EA41A67A5}.CD_ROM|x86.ActiveCfg = Release|Any CPU
		{012A8946-A193-4E94-B1A8-8F7EA41A67A5}.Debug|Any CPU.ActiveCfg = Debug|Any CPU
		{012A8946-A193-4E94-B1A8-8F7EA41A67A5}.Debug|Any CPU.Build.0 = Debug|Any CPU
		{012A8946-A193-4E94-B1A8-8F7EA41A67A5}.Debug|Mixed Platforms.ActiveCfg = Debug|Any CPU
		{012A8946-A193-4E94-B1A8-8F7EA41A67A5}.Debug|Mixed Platforms.Build.0 = Debug|Any CPU
		{012A8946-A193-4E94-B1A8-8F7EA41A67A5}.Debug|x86.ActiveCfg = Debug|Any CPU
		{012A8946-A193-4E94-B1A8-8F7EA41A67A5}.DVD-5|Any CPU.ActiveCfg = Debug|Any CPU
		{012A8946-A193-4E94-B1A8-8F7EA41A67A5}.DVD-5|Any CPU.Build.0 = Debug|Any CPU
		{012A8946-A193-4E94-B1A8-8F7EA41A67A5}.DVD-5|Mixed Platforms.ActiveCfg = Debug|Any CPU
		{012A8946-A193-4E94-B1A8-8F7EA41A67A5}.DVD-5|Mixed Platforms.Build.0 = Debug|Any CPU
		{012A8946-A193-4E94-B1A8-8F7EA41A67A5}.DVD-5|x86.ActiveCfg = Debug|Any CPU
		{012A8946-A193-4E94-B1A8-8F7EA41A67A5}.Release|Any CPU.ActiveCfg = Release|Any CPU
		{012A8946-A193-4E94-B1A8-8F7EA41A67A5}.Release|Any CPU.Build.0 = Release|Any CPU
		{012A8946-A193-4E94-B1A8-8F7EA41A67A5}.Release|Mixed Platforms.ActiveCfg = Release|Any CPU
		{012A8946-A193-4E94-B1A8-8F7EA41A67A5}.Release|Mixed Platforms.Build.0 = Release|Any CPU
		{012A8946-A193-4E94-B1A8-8F7EA41A67A5}.Release|x86.ActiveCfg = Release|Any CPU
		{012A8946-A193-4E94-B1A8-8F7EA41A67A5}.SingleImage|Any CPU.ActiveCfg = Release|Any CPU
		{012A8946-A193-4E94-B1A8-8F7EA41A67A5}.SingleImage|Any CPU.Build.0 = Release|Any CPU
		{012A8946-A193-4E94-B1A8-8F7EA41A67A5}.SingleImage|Mixed Platforms.ActiveCfg = Release|Any CPU
		{012A8946-A193-4E94-B1A8-8F7EA41A67A5}.SingleImage|Mixed Platforms.Build.0 = Release|Any CPU
		{012A8946-A193-4E94-B1A8-8F7EA41A67A5}.SingleImage|x86.ActiveCfg = Release|Any CPU
		{9F1076AA-63DF-4128-9C10-FD65E425C783}.CD_ROM|Any CPU.ActiveCfg = Release|x86
		{9F1076AA-63DF-4128-9C10-FD65E425C783}.CD_ROM|Mixed Platforms.ActiveCfg = Release|x86
		{9F1076AA-63DF-4128-9C10-FD65E425C783}.CD_ROM|Mixed Platforms.Build.0 = Release|x86
		{9F1076AA-63DF-4128-9C10-FD65E425C783}.CD_ROM|x86.ActiveCfg = Release|x86
		{9F1076AA-63DF-4128-9C10-FD65E425C783}.CD_ROM|x86.Build.0 = Release|x86
		{9F1076AA-63DF-4128-9C10-FD65E425C783}.Debug|Any CPU.ActiveCfg = Debug|Any CPU
		{9F1076AA-63DF-4128-9C10-FD65E425C783}.Debug|Any CPU.Build.0 = Debug|Any CPU
		{9F1076AA-63DF-4128-9C10-FD65E425C783}.Debug|Mixed Platforms.ActiveCfg = Debug|Any CPU
		{9F1076AA-63DF-4128-9C10-FD65E425C783}.Debug|Mixed Platforms.Build.0 = Debug|Any CPU
		{9F1076AA-63DF-4128-9C10-FD65E425C783}.Debug|x86.ActiveCfg = Debug|x86
		{9F1076AA-63DF-4128-9C10-FD65E425C783}.Debug|x86.Build.0 = Debug|x86
		{9F1076AA-63DF-4128-9C10-FD65E425C783}.DVD-5|Any CPU.ActiveCfg = Debug|x86
		{9F1076AA-63DF-4128-9C10-FD65E425C783}.DVD-5|Mixed Platforms.ActiveCfg = Debug|x86
		{9F1076AA-63DF-4128-9C10-FD65E425C783}.DVD-5|Mixed Platforms.Build.0 = Debug|x86
		{9F1076AA-63DF-4128-9C10-FD65E425C783}.DVD-5|x86.ActiveCfg = Debug|x86
		{9F1076AA-63DF-4128-9C10-FD65E425C783}.DVD-5|x86.Build.0 = Debug|x86
		{9F1076AA-63DF-4128-9C10-FD65E425C783}.Release|Any CPU.ActiveCfg = Release|Any CPU
		{9F1076AA-63DF-4128-9C10-FD65E425C783}.Release|Any CPU.Build.0 = Release|Any CPU
		{9F1076AA-63DF-4128-9C10-FD65E425C783}.Release|Mixed Platforms.ActiveCfg = Release|x86
		{9F1076AA-63DF-4128-9C10-FD65E425C783}.Release|Mixed Platforms.Build.0 = Release|x86
		{9F1076AA-63DF-4128-9C10-FD65E425C783}.Release|x86.ActiveCfg = Release|x86
		{9F1076AA-63DF-4128-9C10-FD65E425C783}.Release|x86.Build.0 = Release|x86
		{9F1076AA-63DF-4128-9C10-FD65E425C783}.SingleImage|Any CPU.ActiveCfg = Release|x86
		{9F1076AA-63DF-4128-9C10-FD65E425C783}.SingleImage|Mixed Platforms.ActiveCfg = Release|x86
		{9F1076AA-63DF-4128-9C10-FD65E425C783}.SingleImage|Mixed Platforms.Build.0 = Release|x86
		{9F1076AA-63DF-4128-9C10-FD65E425C783}.SingleImage|x86.ActiveCfg = Release|x86
		{9F1076AA-63DF-4128-9C10-FD65E425C783}.SingleImage|x86.Build.0 = Release|x86
	EndGlobalSection
	GlobalSection(SolutionProperties) = preSolution
		HideSolutionNode = FALSE
	EndGlobalSection
EndGlobal
