
Microsoft Visual Studio Solution File, Format Version 12.00
# Visual Studio 2017
Project("{FAE04EC0-301F-11D3-BF4B-00C04F79EFBC}") = "UNITY_Maze Circuit", "UNITY_Maze Circuit.csproj", "{97965292-9E2E-E8AF-A90D-5B5B6B547D1B}"
EndProject
Project("{FAE04EC0-301F-11D3-BF4B-00C04F79EFBC}") = "UNITY_Maze Circuit.Editor", "UNITY_Maze Circuit.Editor.csproj", "{25165217-BBF8-CA5D-384A-51D970C1ABBE}"
EndProject
Global
	GlobalSection(SolutionConfigurationPlatforms) = preSolution
		Debug|Any CPU = Debug|Any CPU
		Release|Any CPU = Release|Any CPU
	EndGlobalSection
	GlobalSection(ProjectConfigurationPlatforms) = postSolution
		{97965292-9E2E-E8AF-A90D-5B5B6B547D1B}.Debug|Any CPU.ActiveCfg = Debug|Any CPU
		{97965292-9E2E-E8AF-A90D-5B5B6B547D1B}.Debug|Any CPU.Build.0 = Debug|Any CPU
		{97965292-9E2E-E8AF-A90D-5B5B6B547D1B}.Release|Any CPU.ActiveCfg = Release|Any CPU
		{97965292-9E2E-E8AF-A90D-5B5B6B547D1B}.Release|Any CPU.Build.0 = Release|Any CPU
		{25165217-BBF8-CA5D-384A-51D970C1ABBE}.Debug|Any CPU.ActiveCfg = Debug|Any CPU
		{25165217-BBF8-CA5D-384A-51D970C1ABBE}.Debug|Any CPU.Build.0 = Debug|Any CPU
		{25165217-BBF8-CA5D-384A-51D970C1ABBE}.Release|Any CPU.ActiveCfg = Release|Any CPU
		{25165217-BBF8-CA5D-384A-51D970C1ABBE}.Release|Any CPU.Build.0 = Release|Any CPU
	EndGlobalSection
	GlobalSection(SolutionProperties) = preSolution
		HideSolutionNode = FALSE
	EndGlobalSection
EndGlobal
