
Microsoft Visual Studio Solution File, Format Version 12.00
# Visual Studio 2013
VisualStudioVersion = 12.0.30324.0
MinimumVisualStudioVersion = 10.0.40219.1
Project("{2150E333-8FDC-42A3-9474-1A3956D46DE8}") = "Exemples", "Exemples", "{775A82C3-7ED2-4C48-AC3F-DC83F600775D}"
EndProject
Project("{2150E333-8FDC-42A3-9474-1A3956D46DE8}") = "NavegarLib", "NavegarLib", "{883CA94B-19D6-4459-BA25-822A695CF114}"
EndProject
Project("{FAE04EC0-301F-11D3-BF4B-00C04F79EFBC}") = "Navegar.Win8.Exemple", "Exemples\Navegar.Win8.Exemple\Navegar.Win8.Exemple.csproj", "{89D1546D-D601-44FF-9A35-19972C0E9A69}"
EndProject
Project("{FAE04EC0-301F-11D3-BF4B-00C04F79EFBC}") = "Navegar.WPF.Exemple", "Exemples\Navegar.WPF.Exemple\Navegar.WPF.Exemple.csproj", "{67280244-AEA9-423F-A11E-08185F187F27}"
EndProject
Project("{FAE04EC0-301F-11D3-BF4B-00C04F79EFBC}") = "Navegar", "NavegarLib\Navegar\Navegar.csproj", "{B6101F13-BD08-46BF-AA89-9F08265BA87C}"
EndProject
Project("{FAE04EC0-301F-11D3-BF4B-00C04F79EFBC}") = "Navegar.Win8", "NavegarLib\Navegar.Win8\Navegar.Win8.csproj", "{02444E5B-FBE7-4143-B3A4-5F42858C3D1B}"
EndProject
Project("{FAE04EC0-301F-11D3-BF4B-00C04F79EFBC}") = "Navegar.Win8.PCL", "NavegarLib\Navegar.Win8.PCL\Navegar.Win8.PCL.csproj", "{526BF51D-BFD7-4769-A482-077D57C3DEEF}"
EndProject
Project("{FAE04EC0-301F-11D3-BF4B-00C04F79EFBC}") = "Navegar.WPF4", "NavegarLib\Navegar.WPF4\Navegar.WPF4.csproj", "{F2F0599D-7229-42A1-860B-7268EAC61298}"
EndProject
Project("{FAE04EC0-301F-11D3-BF4B-00C04F79EFBC}") = "Navegar.WPF45", "NavegarLib\Navegar.WPF45\Navegar.WPF45.csproj", "{912AC67D-F2B7-4CA5-9999-25A816F86D34}"
EndProject
Project("{2150E333-8FDC-42A3-9474-1A3956D46DE8}") = "Documentation", "Documentation", "{EBBE1FAA-E302-47FD-AF06-C8B6B86ED96F}"
EndProject
Project("{FAE04EC0-301F-11D3-BF4B-00C04F79EFBC}") = "Navegar.WP8-BETA", "NavegarLib\Navegar.WP8\Navegar.WP8-BETA.csproj", "{A79B705A-36A5-47E6-8A4C-5D845F474D25}"
EndProject
Project("{FAE04EC0-301F-11D3-BF4B-00C04F79EFBC}") = "Navegar.WP8-BETA.Exemple", "Exemples\Navegar.WP8.Exemple\Navegar.WP8-BETA.Exemple.csproj", "{35154F91-E722-4369-BD61-6CAB3B6BC54B}"
EndProject
Project("{FAE04EC0-301F-11D3-BF4B-00C04F79EFBC}") = "Navegar.WPF4.MEF", "NavegarLib\Navegar.WPF4.MEF\Navegar.WPF4.MEF.csproj", "{8B657912-57C8-4191-8F4E-40236EE92091}"
EndProject
Project("{FAE04EC0-301F-11D3-BF4B-00C04F79EFBC}") = "Navegar.WPF45.MEF", "NavegarLib\Navegar.WPF45.MEF\Navegar.WPF45.MEF.csproj", "{383B07CE-AD51-4819-9394-ACB6DF6B7EDC}"
EndProject
Project("{7CF6DF6D-3B04-46F8-A40B-537D21BCA0B4}") = "Navegar.Win8", "Documentation\Navegar.Win8\Navegar.Win8.shfbproj", "{1C504346-05BC-410C-969A-AAED4B0033FC}"
EndProject
Project("{7CF6DF6D-3B04-46F8-A40B-537D21BCA0B4}") = "Navegar", "Documentation\Navegar\Navegar.shfbproj", "{3A704A02-C0BC-4AD5-B733-87C9E1B25F22}"
EndProject
Project("{FAE04EC0-301F-11D3-BF4B-00C04F79EFBC}") = "Navegar.WP81", "NavegarLib\Navegar.WP81\Navegar.WP81.csproj", "{91DDFD14-6990-4042-9FD4-6E83265D701B}"
EndProject
Project("{FAE04EC0-301F-11D3-BF4B-00C04F79EFBC}") = "Navegar.Win81", "NavegarLib\Navegar.Win81\Navegar.Win81.csproj", "{3B7D8F57-4E7A-4553-9908-1FC372D5C29E}"
EndProject
Global
	GlobalSection(TeamFoundationVersionControl) = preSolution
		SccNumberOfProjects = 16
		SccEnterpriseProvider = {4CA58AB2-18FA-4F8D-95D4-32DDF27D184C}
		SccTeamFoundationServer = https://tfs.codeplex.com/tfs/tfs26
		SccLocalPath0 = .
		SccProjectUniqueName1 = Exemples\\Navegar.Win8.Exemple\\Navegar.Win8.Exemple.csproj
		SccProjectTopLevelParentUniqueName1 = Navegar.sln
		SccProjectName1 = Exemples/Navegar.Win8.Exemple
		SccLocalPath1 = Exemples\\Navegar.Win8.Exemple
		SccProjectUniqueName2 = Exemples\\Navegar.WPF.Exemple\\Navegar.WPF.Exemple.csproj
		SccProjectTopLevelParentUniqueName2 = Navegar.sln
		SccProjectName2 = Exemples/Navegar.WPF.Exemple
		SccLocalPath2 = Exemples\\Navegar.WPF.Exemple
		SccProjectUniqueName3 = NavegarLib\\Navegar.Win8.PCL\\Navegar.Win8.PCL.csproj
		SccProjectTopLevelParentUniqueName3 = Navegar.sln
		SccProjectName3 = NavegarLib/Navegar.Win8.PCL
		SccLocalPath3 = NavegarLib\\Navegar.Win8.PCL
		SccProjectUniqueName4 = NavegarLib\\Navegar.Win8\\Navegar.Win8.csproj
		SccProjectTopLevelParentUniqueName4 = Navegar.sln
		SccProjectName4 = NavegarLib/Navegar.Win8
		SccLocalPath4 = NavegarLib\\Navegar.Win8
		SccProjectUniqueName5 = NavegarLib\\Navegar.WPF45\\Navegar.WPF45.csproj
		SccProjectTopLevelParentUniqueName5 = Navegar.sln
		SccProjectName5 = NavegarLib/Navegar.WPF45
		SccLocalPath5 = NavegarLib\\Navegar.WPF45
		SccProjectUniqueName6 = NavegarLib\\Navegar.WPF4\\Navegar.WPF4.csproj
		SccProjectTopLevelParentUniqueName6 = Navegar.sln
		SccProjectName6 = NavegarLib/Navegar.WPF4
		SccLocalPath6 = NavegarLib\\Navegar.WPF4
		SccProjectUniqueName7 = NavegarLib\\Navegar\\Navegar.csproj
		SccProjectTopLevelParentUniqueName7 = Navegar.sln
		SccProjectName7 = NavegarLib/Navegar
		SccLocalPath7 = NavegarLib\\Navegar
		SccProjectUniqueName8 = NavegarLib\\Navegar.WPF4.MEF\\Navegar.WPF4.MEF.csproj
		SccProjectTopLevelParentUniqueName8 = Navegar.sln
		SccProjectName8 = NavegarLib/Navegar.WPF4.MEF
		SccLocalPath8 = NavegarLib\\Navegar.WPF4.MEF
		SccProjectUniqueName9 = NavegarLib\\Navegar.WPF45.MEF\\Navegar.WPF45.MEF.csproj
		SccProjectTopLevelParentUniqueName9 = Navegar.sln
		SccProjectName9 = NavegarLib/Navegar.WPF45.MEF
		SccLocalPath9 = NavegarLib\\Navegar.WPF45.MEF
		SccProjectUniqueName10 = Documentation\\Navegar.Win8\\Navegar.Win8.shfbproj
		SccProjectTopLevelParentUniqueName10 = Navegar.sln
		SccProjectName10 = Documentation/Navegar.Win8
		SccLocalPath10 = Documentation\\Navegar.Win8
		SccProjectUniqueName11 = Documentation\\Navegar\\Navegar.shfbproj
		SccProjectTopLevelParentUniqueName11 = Navegar.sln
		SccProjectName11 = Documentation/Navegar
		SccLocalPath11 = Documentation\\Navegar
		SccProjectUniqueName12 = Exemples\\Navegar.WP8.Exemple\\Navegar.WP8-BETA.Exemple.csproj
		SccProjectTopLevelParentUniqueName12 = Navegar.sln
		SccProjectName12 = Exemples/Navegar.WP8.Exemple
		SccLocalPath12 = Exemples\\Navegar.WP8.Exemple
		SccProjectUniqueName13 = NavegarLib\\Navegar.WP8\\Navegar.WP8-BETA.csproj
		SccProjectTopLevelParentUniqueName13 = Navegar.sln
		SccProjectName13 = NavegarLib/Navegar.WP8
		SccLocalPath13 = NavegarLib\\Navegar.WP8
		SccProjectUniqueName14 = NavegarLib\\Navegar.WP81\\Navegar.WP81.csproj
		SccProjectTopLevelParentUniqueName14 = Navegar.sln
		SccProjectName14 = NavegarLib/Navegar.WP81
		SccLocalPath14 = NavegarLib\\Navegar.WP81
		SccProjectUniqueName15 = NavegarLib\\Navegar.Win81\\Navegar.Win81.csproj
		SccProjectTopLevelParentUniqueName15 = Navegar.sln
		SccProjectName15 = NavegarLib/Navegar.Win81
		SccLocalPath15 = NavegarLib\\Navegar.Win81
	EndGlobalSection
	GlobalSection(SolutionConfigurationPlatforms) = preSolution
		Debug|Any CPU = Debug|Any CPU
		Debug|ARM = Debug|ARM
		Debug|x64 = Debug|x64
		Debug|x86 = Debug|x86
		Release|Any CPU = Release|Any CPU
		Release|ARM = Release|ARM
		Release|x64 = Release|x64
		Release|x86 = Release|x86
	EndGlobalSection
	GlobalSection(ProjectConfigurationPlatforms) = postSolution
		{89D1546D-D601-44FF-9A35-19972C0E9A69}.Debug|Any CPU.ActiveCfg = Debug|Any CPU
		{89D1546D-D601-44FF-9A35-19972C0E9A69}.Debug|Any CPU.Build.0 = Debug|Any CPU
		{89D1546D-D601-44FF-9A35-19972C0E9A69}.Debug|Any CPU.Deploy.0 = Debug|Any CPU
		{89D1546D-D601-44FF-9A35-19972C0E9A69}.Debug|ARM.ActiveCfg = Debug|ARM
		{89D1546D-D601-44FF-9A35-19972C0E9A69}.Debug|ARM.Build.0 = Debug|ARM
		{89D1546D-D601-44FF-9A35-19972C0E9A69}.Debug|ARM.Deploy.0 = Debug|ARM
		{89D1546D-D601-44FF-9A35-19972C0E9A69}.Debug|x64.ActiveCfg = Debug|x64
		{89D1546D-D601-44FF-9A35-19972C0E9A69}.Debug|x64.Build.0 = Debug|x64
		{89D1546D-D601-44FF-9A35-19972C0E9A69}.Debug|x64.Deploy.0 = Debug|x64
		{89D1546D-D601-44FF-9A35-19972C0E9A69}.Debug|x86.ActiveCfg = Debug|x86
		{89D1546D-D601-44FF-9A35-19972C0E9A69}.Debug|x86.Build.0 = Debug|x86
		{89D1546D-D601-44FF-9A35-19972C0E9A69}.Debug|x86.Deploy.0 = Debug|x86
		{89D1546D-D601-44FF-9A35-19972C0E9A69}.Release|Any CPU.ActiveCfg = Release|Any CPU
		{89D1546D-D601-44FF-9A35-19972C0E9A69}.Release|Any CPU.Build.0 = Release|Any CPU
		{89D1546D-D601-44FF-9A35-19972C0E9A69}.Release|Any CPU.Deploy.0 = Release|Any CPU
		{89D1546D-D601-44FF-9A35-19972C0E9A69}.Release|ARM.ActiveCfg = Release|ARM
		{89D1546D-D601-44FF-9A35-19972C0E9A69}.Release|ARM.Build.0 = Release|ARM
		{89D1546D-D601-44FF-9A35-19972C0E9A69}.Release|ARM.Deploy.0 = Release|ARM
		{89D1546D-D601-44FF-9A35-19972C0E9A69}.Release|x64.ActiveCfg = Release|x64
		{89D1546D-D601-44FF-9A35-19972C0E9A69}.Release|x64.Build.0 = Release|x64
		{89D1546D-D601-44FF-9A35-19972C0E9A69}.Release|x64.Deploy.0 = Release|x64
		{89D1546D-D601-44FF-9A35-19972C0E9A69}.Release|x86.ActiveCfg = Release|x86
		{89D1546D-D601-44FF-9A35-19972C0E9A69}.Release|x86.Build.0 = Release|x86
		{89D1546D-D601-44FF-9A35-19972C0E9A69}.Release|x86.Deploy.0 = Release|x86
		{67280244-AEA9-423F-A11E-08185F187F27}.Debug|Any CPU.ActiveCfg = Debug|Any CPU
		{67280244-AEA9-423F-A11E-08185F187F27}.Debug|Any CPU.Build.0 = Debug|Any CPU
		{67280244-AEA9-423F-A11E-08185F187F27}.Debug|ARM.ActiveCfg = Debug|Any CPU
		{67280244-AEA9-423F-A11E-08185F187F27}.Debug|x64.ActiveCfg = Debug|Any CPU
		{67280244-AEA9-423F-A11E-08185F187F27}.Debug|x86.ActiveCfg = Debug|Any CPU
		{67280244-AEA9-423F-A11E-08185F187F27}.Release|Any CPU.ActiveCfg = Release|Any CPU
		{67280244-AEA9-423F-A11E-08185F187F27}.Release|Any CPU.Build.0 = Release|Any CPU
		{67280244-AEA9-423F-A11E-08185F187F27}.Release|ARM.ActiveCfg = Release|Any CPU
		{67280244-AEA9-423F-A11E-08185F187F27}.Release|x64.ActiveCfg = Release|Any CPU
		{67280244-AEA9-423F-A11E-08185F187F27}.Release|x86.ActiveCfg = Release|Any CPU
		{B6101F13-BD08-46BF-AA89-9F08265BA87C}.Debug|Any CPU.ActiveCfg = Debug|Any CPU
		{B6101F13-BD08-46BF-AA89-9F08265BA87C}.Debug|Any CPU.Build.0 = Debug|Any CPU
		{B6101F13-BD08-46BF-AA89-9F08265BA87C}.Debug|ARM.ActiveCfg = Debug|Any CPU
		{B6101F13-BD08-46BF-AA89-9F08265BA87C}.Debug|x64.ActiveCfg = Debug|Any CPU
		{B6101F13-BD08-46BF-AA89-9F08265BA87C}.Debug|x86.ActiveCfg = Debug|Any CPU
		{B6101F13-BD08-46BF-AA89-9F08265BA87C}.Release|Any CPU.ActiveCfg = Release|Any CPU
		{B6101F13-BD08-46BF-AA89-9F08265BA87C}.Release|Any CPU.Build.0 = Release|Any CPU
		{B6101F13-BD08-46BF-AA89-9F08265BA87C}.Release|ARM.ActiveCfg = Release|Any CPU
		{B6101F13-BD08-46BF-AA89-9F08265BA87C}.Release|x64.ActiveCfg = Release|Any CPU
		{B6101F13-BD08-46BF-AA89-9F08265BA87C}.Release|x86.ActiveCfg = Release|Any CPU
		{02444E5B-FBE7-4143-B3A4-5F42858C3D1B}.Debug|Any CPU.ActiveCfg = Debug|Any CPU
		{02444E5B-FBE7-4143-B3A4-5F42858C3D1B}.Debug|Any CPU.Build.0 = Debug|Any CPU
		{02444E5B-FBE7-4143-B3A4-5F42858C3D1B}.Debug|ARM.ActiveCfg = Debug|ARM
		{02444E5B-FBE7-4143-B3A4-5F42858C3D1B}.Debug|ARM.Build.0 = Debug|ARM
		{02444E5B-FBE7-4143-B3A4-5F42858C3D1B}.Debug|x64.ActiveCfg = Debug|x64
		{02444E5B-FBE7-4143-B3A4-5F42858C3D1B}.Debug|x64.Build.0 = Debug|x64
		{02444E5B-FBE7-4143-B3A4-5F42858C3D1B}.Debug|x86.ActiveCfg = Debug|x86
		{02444E5B-FBE7-4143-B3A4-5F42858C3D1B}.Debug|x86.Build.0 = Debug|x86
		{02444E5B-FBE7-4143-B3A4-5F42858C3D1B}.Release|Any CPU.ActiveCfg = Release|Any CPU
		{02444E5B-FBE7-4143-B3A4-5F42858C3D1B}.Release|Any CPU.Build.0 = Release|Any CPU
		{02444E5B-FBE7-4143-B3A4-5F42858C3D1B}.Release|ARM.ActiveCfg = Release|ARM
		{02444E5B-FBE7-4143-B3A4-5F42858C3D1B}.Release|ARM.Build.0 = Release|ARM
		{02444E5B-FBE7-4143-B3A4-5F42858C3D1B}.Release|x64.ActiveCfg = Release|x64
		{02444E5B-FBE7-4143-B3A4-5F42858C3D1B}.Release|x64.Build.0 = Release|x64
		{02444E5B-FBE7-4143-B3A4-5F42858C3D1B}.Release|x86.ActiveCfg = Release|x86
		{02444E5B-FBE7-4143-B3A4-5F42858C3D1B}.Release|x86.Build.0 = Release|x86
		{526BF51D-BFD7-4769-A482-077D57C3DEEF}.Debug|Any CPU.ActiveCfg = Debug|Any CPU
		{526BF51D-BFD7-4769-A482-077D57C3DEEF}.Debug|Any CPU.Build.0 = Debug|Any CPU
		{526BF51D-BFD7-4769-A482-077D57C3DEEF}.Debug|ARM.ActiveCfg = Debug|ARM
		{526BF51D-BFD7-4769-A482-077D57C3DEEF}.Debug|ARM.Build.0 = Debug|ARM
		{526BF51D-BFD7-4769-A482-077D57C3DEEF}.Debug|x64.ActiveCfg = Debug|x64
		{526BF51D-BFD7-4769-A482-077D57C3DEEF}.Debug|x64.Build.0 = Debug|x64
		{526BF51D-BFD7-4769-A482-077D57C3DEEF}.Debug|x86.ActiveCfg = Debug|x86
		{526BF51D-BFD7-4769-A482-077D57C3DEEF}.Debug|x86.Build.0 = Debug|x86
		{526BF51D-BFD7-4769-A482-077D57C3DEEF}.Release|Any CPU.ActiveCfg = Release|Any CPU
		{526BF51D-BFD7-4769-A482-077D57C3DEEF}.Release|Any CPU.Build.0 = Release|Any CPU
		{526BF51D-BFD7-4769-A482-077D57C3DEEF}.Release|ARM.ActiveCfg = Release|ARM
		{526BF51D-BFD7-4769-A482-077D57C3DEEF}.Release|ARM.Build.0 = Release|ARM
		{526BF51D-BFD7-4769-A482-077D57C3DEEF}.Release|x64.ActiveCfg = Release|x64
		{526BF51D-BFD7-4769-A482-077D57C3DEEF}.Release|x64.Build.0 = Release|x64
		{526BF51D-BFD7-4769-A482-077D57C3DEEF}.Release|x86.ActiveCfg = Release|x86
		{526BF51D-BFD7-4769-A482-077D57C3DEEF}.Release|x86.Build.0 = Release|x86
		{F2F0599D-7229-42A1-860B-7268EAC61298}.Debug|Any CPU.ActiveCfg = Debug|Any CPU
		{F2F0599D-7229-42A1-860B-7268EAC61298}.Debug|Any CPU.Build.0 = Debug|Any CPU
		{F2F0599D-7229-42A1-860B-7268EAC61298}.Debug|ARM.ActiveCfg = Debug|Any CPU
		{F2F0599D-7229-42A1-860B-7268EAC61298}.Debug|x64.ActiveCfg = Debug|Any CPU
		{F2F0599D-7229-42A1-860B-7268EAC61298}.Debug|x86.ActiveCfg = Debug|Any CPU
		{F2F0599D-7229-42A1-860B-7268EAC61298}.Release|Any CPU.ActiveCfg = Release|Any CPU
		{F2F0599D-7229-42A1-860B-7268EAC61298}.Release|Any CPU.Build.0 = Release|Any CPU
		{F2F0599D-7229-42A1-860B-7268EAC61298}.Release|ARM.ActiveCfg = Release|Any CPU
		{F2F0599D-7229-42A1-860B-7268EAC61298}.Release|x64.ActiveCfg = Release|Any CPU
		{F2F0599D-7229-42A1-860B-7268EAC61298}.Release|x86.ActiveCfg = Release|Any CPU
		{912AC67D-F2B7-4CA5-9999-25A816F86D34}.Debug|Any CPU.ActiveCfg = Debug|Any CPU
		{912AC67D-F2B7-4CA5-9999-25A816F86D34}.Debug|Any CPU.Build.0 = Debug|Any CPU
		{912AC67D-F2B7-4CA5-9999-25A816F86D34}.Debug|ARM.ActiveCfg = Debug|Any CPU
		{912AC67D-F2B7-4CA5-9999-25A816F86D34}.Debug|x64.ActiveCfg = Debug|Any CPU
		{912AC67D-F2B7-4CA5-9999-25A816F86D34}.Debug|x86.ActiveCfg = Debug|Any CPU
		{912AC67D-F2B7-4CA5-9999-25A816F86D34}.Release|Any CPU.ActiveCfg = Release|Any CPU
		{912AC67D-F2B7-4CA5-9999-25A816F86D34}.Release|Any CPU.Build.0 = Release|Any CPU
		{912AC67D-F2B7-4CA5-9999-25A816F86D34}.Release|ARM.ActiveCfg = Release|Any CPU
		{912AC67D-F2B7-4CA5-9999-25A816F86D34}.Release|x64.ActiveCfg = Release|Any CPU
		{912AC67D-F2B7-4CA5-9999-25A816F86D34}.Release|x86.ActiveCfg = Release|Any CPU
		{A79B705A-36A5-47E6-8A4C-5D845F474D25}.Debug|Any CPU.ActiveCfg = Debug|Any CPU
		{A79B705A-36A5-47E6-8A4C-5D845F474D25}.Debug|Any CPU.Build.0 = Debug|Any CPU
		{A79B705A-36A5-47E6-8A4C-5D845F474D25}.Debug|ARM.ActiveCfg = Debug|ARM
		{A79B705A-36A5-47E6-8A4C-5D845F474D25}.Debug|ARM.Build.0 = Debug|ARM
		{A79B705A-36A5-47E6-8A4C-5D845F474D25}.Debug|x64.ActiveCfg = Debug|Any CPU
		{A79B705A-36A5-47E6-8A4C-5D845F474D25}.Debug|x86.ActiveCfg = Debug|x86
		{A79B705A-36A5-47E6-8A4C-5D845F474D25}.Debug|x86.Build.0 = Debug|x86
		{A79B705A-36A5-47E6-8A4C-5D845F474D25}.Release|Any CPU.ActiveCfg = Release|Any CPU
		{A79B705A-36A5-47E6-8A4C-5D845F474D25}.Release|Any CPU.Build.0 = Release|Any CPU
		{A79B705A-36A5-47E6-8A4C-5D845F474D25}.Release|ARM.ActiveCfg = Release|ARM
		{A79B705A-36A5-47E6-8A4C-5D845F474D25}.Release|ARM.Build.0 = Release|ARM
		{A79B705A-36A5-47E6-8A4C-5D845F474D25}.Release|x64.ActiveCfg = Release|Any CPU
		{A79B705A-36A5-47E6-8A4C-5D845F474D25}.Release|x86.ActiveCfg = Release|x86
		{A79B705A-36A5-47E6-8A4C-5D845F474D25}.Release|x86.Build.0 = Release|x86
		{35154F91-E722-4369-BD61-6CAB3B6BC54B}.Debug|Any CPU.ActiveCfg = Debug|Any CPU
		{35154F91-E722-4369-BD61-6CAB3B6BC54B}.Debug|Any CPU.Build.0 = Debug|Any CPU
		{35154F91-E722-4369-BD61-6CAB3B6BC54B}.Debug|Any CPU.Deploy.0 = Debug|Any CPU
		{35154F91-E722-4369-BD61-6CAB3B6BC54B}.Debug|ARM.ActiveCfg = Debug|ARM
		{35154F91-E722-4369-BD61-6CAB3B6BC54B}.Debug|ARM.Build.0 = Debug|ARM
		{35154F91-E722-4369-BD61-6CAB3B6BC54B}.Debug|ARM.Deploy.0 = Debug|ARM
		{35154F91-E722-4369-BD61-6CAB3B6BC54B}.Debug|x64.ActiveCfg = Debug|Any CPU
		{35154F91-E722-4369-BD61-6CAB3B6BC54B}.Debug|x86.ActiveCfg = Debug|x86
		{35154F91-E722-4369-BD61-6CAB3B6BC54B}.Debug|x86.Build.0 = Debug|x86
		{35154F91-E722-4369-BD61-6CAB3B6BC54B}.Debug|x86.Deploy.0 = Debug|x86
		{35154F91-E722-4369-BD61-6CAB3B6BC54B}.Release|Any CPU.ActiveCfg = Release|Any CPU
		{35154F91-E722-4369-BD61-6CAB3B6BC54B}.Release|Any CPU.Build.0 = Release|Any CPU
		{35154F91-E722-4369-BD61-6CAB3B6BC54B}.Release|Any CPU.Deploy.0 = Release|Any CPU
		{35154F91-E722-4369-BD61-6CAB3B6BC54B}.Release|ARM.ActiveCfg = Release|ARM
		{35154F91-E722-4369-BD61-6CAB3B6BC54B}.Release|ARM.Build.0 = Release|ARM
		{35154F91-E722-4369-BD61-6CAB3B6BC54B}.Release|ARM.Deploy.0 = Release|ARM
		{35154F91-E722-4369-BD61-6CAB3B6BC54B}.Release|x64.ActiveCfg = Release|Any CPU
		{35154F91-E722-4369-BD61-6CAB3B6BC54B}.Release|x86.ActiveCfg = Release|x86
		{35154F91-E722-4369-BD61-6CAB3B6BC54B}.Release|x86.Build.0 = Release|x86
		{35154F91-E722-4369-BD61-6CAB3B6BC54B}.Release|x86.Deploy.0 = Release|x86
		{8B657912-57C8-4191-8F4E-40236EE92091}.Debug|Any CPU.ActiveCfg = Debug|Any CPU
		{8B657912-57C8-4191-8F4E-40236EE92091}.Debug|Any CPU.Build.0 = Debug|Any CPU
		{8B657912-57C8-4191-8F4E-40236EE92091}.Debug|ARM.ActiveCfg = Debug|Any CPU
		{8B657912-57C8-4191-8F4E-40236EE92091}.Debug|x64.ActiveCfg = Debug|Any CPU
		{8B657912-57C8-4191-8F4E-40236EE92091}.Debug|x86.ActiveCfg = Debug|Any CPU
		{8B657912-57C8-4191-8F4E-40236EE92091}.Release|Any CPU.ActiveCfg = Release|Any CPU
		{8B657912-57C8-4191-8F4E-40236EE92091}.Release|Any CPU.Build.0 = Release|Any CPU
		{8B657912-57C8-4191-8F4E-40236EE92091}.Release|ARM.ActiveCfg = Release|Any CPU
		{8B657912-57C8-4191-8F4E-40236EE92091}.Release|x64.ActiveCfg = Release|Any CPU
		{8B657912-57C8-4191-8F4E-40236EE92091}.Release|x86.ActiveCfg = Release|Any CPU
		{383B07CE-AD51-4819-9394-ACB6DF6B7EDC}.Debug|Any CPU.ActiveCfg = Debug|Any CPU
		{383B07CE-AD51-4819-9394-ACB6DF6B7EDC}.Debug|Any CPU.Build.0 = Debug|Any CPU
		{383B07CE-AD51-4819-9394-ACB6DF6B7EDC}.Debug|ARM.ActiveCfg = Debug|Any CPU
		{383B07CE-AD51-4819-9394-ACB6DF6B7EDC}.Debug|x64.ActiveCfg = Debug|Any CPU
		{383B07CE-AD51-4819-9394-ACB6DF6B7EDC}.Debug|x86.ActiveCfg = Debug|Any CPU
		{383B07CE-AD51-4819-9394-ACB6DF6B7EDC}.Release|Any CPU.ActiveCfg = Release|Any CPU
		{383B07CE-AD51-4819-9394-ACB6DF6B7EDC}.Release|Any CPU.Build.0 = Release|Any CPU
		{383B07CE-AD51-4819-9394-ACB6DF6B7EDC}.Release|ARM.ActiveCfg = Release|Any CPU
		{383B07CE-AD51-4819-9394-ACB6DF6B7EDC}.Release|x64.ActiveCfg = Release|Any CPU
		{383B07CE-AD51-4819-9394-ACB6DF6B7EDC}.Release|x86.ActiveCfg = Release|Any CPU
		{1C504346-05BC-410C-969A-AAED4B0033FC}.Debug|Any CPU.ActiveCfg = Debug|Any CPU
		{1C504346-05BC-410C-969A-AAED4B0033FC}.Debug|Any CPU.Build.0 = Debug|Any CPU
		{1C504346-05BC-410C-969A-AAED4B0033FC}.Debug|ARM.ActiveCfg = Debug|Any CPU
		{1C504346-05BC-410C-969A-AAED4B0033FC}.Debug|x64.ActiveCfg = Debug|Any CPU
		{1C504346-05BC-410C-969A-AAED4B0033FC}.Debug|x86.ActiveCfg = Debug|Any CPU
		{1C504346-05BC-410C-969A-AAED4B0033FC}.Release|Any CPU.ActiveCfg = Release|Any CPU
		{1C504346-05BC-410C-969A-AAED4B0033FC}.Release|Any CPU.Build.0 = Release|Any CPU
		{1C504346-05BC-410C-969A-AAED4B0033FC}.Release|ARM.ActiveCfg = Release|Any CPU
		{1C504346-05BC-410C-969A-AAED4B0033FC}.Release|x64.ActiveCfg = Release|Any CPU
		{1C504346-05BC-410C-969A-AAED4B0033FC}.Release|x86.ActiveCfg = Release|Any CPU
		{3A704A02-C0BC-4AD5-B733-87C9E1B25F22}.Debug|Any CPU.ActiveCfg = Debug|Any CPU
		{3A704A02-C0BC-4AD5-B733-87C9E1B25F22}.Debug|Any CPU.Build.0 = Debug|Any CPU
		{3A704A02-C0BC-4AD5-B733-87C9E1B25F22}.Debug|ARM.ActiveCfg = Debug|Any CPU
		{3A704A02-C0BC-4AD5-B733-87C9E1B25F22}.Debug|x64.ActiveCfg = Debug|Any CPU
		{3A704A02-C0BC-4AD5-B733-87C9E1B25F22}.Debug|x86.ActiveCfg = Debug|Any CPU
		{3A704A02-C0BC-4AD5-B733-87C9E1B25F22}.Release|Any CPU.ActiveCfg = Release|Any CPU
		{3A704A02-C0BC-4AD5-B733-87C9E1B25F22}.Release|Any CPU.Build.0 = Release|Any CPU
		{3A704A02-C0BC-4AD5-B733-87C9E1B25F22}.Release|ARM.ActiveCfg = Release|Any CPU
		{3A704A02-C0BC-4AD5-B733-87C9E1B25F22}.Release|x64.ActiveCfg = Release|Any CPU
		{3A704A02-C0BC-4AD5-B733-87C9E1B25F22}.Release|x86.ActiveCfg = Release|Any CPU
		{91DDFD14-6990-4042-9FD4-6E83265D701B}.Debug|Any CPU.ActiveCfg = Debug|Any CPU
		{91DDFD14-6990-4042-9FD4-6E83265D701B}.Debug|Any CPU.Build.0 = Debug|Any CPU
		{91DDFD14-6990-4042-9FD4-6E83265D701B}.Debug|ARM.ActiveCfg = Debug|ARM
		{91DDFD14-6990-4042-9FD4-6E83265D701B}.Debug|ARM.Build.0 = Debug|ARM
		{91DDFD14-6990-4042-9FD4-6E83265D701B}.Debug|x64.ActiveCfg = Debug|Any CPU
		{91DDFD14-6990-4042-9FD4-6E83265D701B}.Debug|x86.ActiveCfg = Debug|x86
		{91DDFD14-6990-4042-9FD4-6E83265D701B}.Debug|x86.Build.0 = Debug|x86
		{91DDFD14-6990-4042-9FD4-6E83265D701B}.Release|Any CPU.ActiveCfg = Release|Any CPU
		{91DDFD14-6990-4042-9FD4-6E83265D701B}.Release|Any CPU.Build.0 = Release|Any CPU
		{91DDFD14-6990-4042-9FD4-6E83265D701B}.Release|ARM.ActiveCfg = Release|ARM
		{91DDFD14-6990-4042-9FD4-6E83265D701B}.Release|ARM.Build.0 = Release|ARM
		{91DDFD14-6990-4042-9FD4-6E83265D701B}.Release|x64.ActiveCfg = Release|Any CPU
		{91DDFD14-6990-4042-9FD4-6E83265D701B}.Release|x86.ActiveCfg = Release|x86
		{91DDFD14-6990-4042-9FD4-6E83265D701B}.Release|x86.Build.0 = Release|x86
		{3B7D8F57-4E7A-4553-9908-1FC372D5C29E}.Debug|Any CPU.ActiveCfg = Debug|Any CPU
		{3B7D8F57-4E7A-4553-9908-1FC372D5C29E}.Debug|Any CPU.Build.0 = Debug|Any CPU
		{3B7D8F57-4E7A-4553-9908-1FC372D5C29E}.Debug|ARM.ActiveCfg = Debug|ARM
		{3B7D8F57-4E7A-4553-9908-1FC372D5C29E}.Debug|ARM.Build.0 = Debug|ARM
		{3B7D8F57-4E7A-4553-9908-1FC372D5C29E}.Debug|x64.ActiveCfg = Debug|x64
		{3B7D8F57-4E7A-4553-9908-1FC372D5C29E}.Debug|x64.Build.0 = Debug|x64
		{3B7D8F57-4E7A-4553-9908-1FC372D5C29E}.Debug|x86.ActiveCfg = Debug|x86
		{3B7D8F57-4E7A-4553-9908-1FC372D5C29E}.Debug|x86.Build.0 = Debug|x86
		{3B7D8F57-4E7A-4553-9908-1FC372D5C29E}.Release|Any CPU.ActiveCfg = Release|Any CPU
		{3B7D8F57-4E7A-4553-9908-1FC372D5C29E}.Release|Any CPU.Build.0 = Release|Any CPU
		{3B7D8F57-4E7A-4553-9908-1FC372D5C29E}.Release|ARM.ActiveCfg = Release|ARM
		{3B7D8F57-4E7A-4553-9908-1FC372D5C29E}.Release|ARM.Build.0 = Release|ARM
		{3B7D8F57-4E7A-4553-9908-1FC372D5C29E}.Release|x64.ActiveCfg = Release|x64
		{3B7D8F57-4E7A-4553-9908-1FC372D5C29E}.Release|x64.Build.0 = Release|x64
		{3B7D8F57-4E7A-4553-9908-1FC372D5C29E}.Release|x86.ActiveCfg = Release|x86
		{3B7D8F57-4E7A-4553-9908-1FC372D5C29E}.Release|x86.Build.0 = Release|x86
	EndGlobalSection
	GlobalSection(SolutionProperties) = preSolution
		HideSolutionNode = FALSE
	EndGlobalSection
	GlobalSection(NestedProjects) = preSolution
		{89D1546D-D601-44FF-9A35-19972C0E9A69} = {775A82C3-7ED2-4C48-AC3F-DC83F600775D}
		{67280244-AEA9-423F-A11E-08185F187F27} = {775A82C3-7ED2-4C48-AC3F-DC83F600775D}
		{B6101F13-BD08-46BF-AA89-9F08265BA87C} = {883CA94B-19D6-4459-BA25-822A695CF114}
		{02444E5B-FBE7-4143-B3A4-5F42858C3D1B} = {883CA94B-19D6-4459-BA25-822A695CF114}
		{526BF51D-BFD7-4769-A482-077D57C3DEEF} = {883CA94B-19D6-4459-BA25-822A695CF114}
		{F2F0599D-7229-42A1-860B-7268EAC61298} = {883CA94B-19D6-4459-BA25-822A695CF114}
		{912AC67D-F2B7-4CA5-9999-25A816F86D34} = {883CA94B-19D6-4459-BA25-822A695CF114}
		{A79B705A-36A5-47E6-8A4C-5D845F474D25} = {883CA94B-19D6-4459-BA25-822A695CF114}
		{35154F91-E722-4369-BD61-6CAB3B6BC54B} = {775A82C3-7ED2-4C48-AC3F-DC83F600775D}
		{8B657912-57C8-4191-8F4E-40236EE92091} = {883CA94B-19D6-4459-BA25-822A695CF114}
		{383B07CE-AD51-4819-9394-ACB6DF6B7EDC} = {883CA94B-19D6-4459-BA25-822A695CF114}
		{1C504346-05BC-410C-969A-AAED4B0033FC} = {EBBE1FAA-E302-47FD-AF06-C8B6B86ED96F}
		{3A704A02-C0BC-4AD5-B733-87C9E1B25F22} = {EBBE1FAA-E302-47FD-AF06-C8B6B86ED96F}
		{91DDFD14-6990-4042-9FD4-6E83265D701B} = {883CA94B-19D6-4459-BA25-822A695CF114}
		{3B7D8F57-4E7A-4553-9908-1FC372D5C29E} = {883CA94B-19D6-4459-BA25-822A695CF114}
	EndGlobalSection
EndGlobal
